// !$*UTF8*$!
{
	archiveVersion = 1;
	classes = {
	};
	objectVersion = 56;
	objects = {

/* Begin PBXBuildFile section */
		182CEBD3993A65E9BCE301CA /* Pods_BlockHub.framework in Frameworks */ = {isa = PBXBuildFile; fileRef = 1A7DA287258E5D5073EFFB5B /* Pods_BlockHub.framework */; };
		3A1A7D172BDF03A4008D5160 /* Notes in Resources */ = {isa = PBXBuildFile; fileRef = 3A1A7D162BDF03A4008D5160 /* Notes */; };
		3A1A7D222BDF0B99008D5160 /* LogInView.swift in Sources */ = {isa = PBXBuildFile; fileRef = 3A1A7D212BDF0B99008D5160 /* LogInView.swift */; };
		3A1A7D242BDF0E95008D5160 /* LogInPresentor.swift in Sources */ = {isa = PBXBuildFile; fileRef = 3A1A7D232BDF0E95008D5160 /* LogInPresentor.swift */; };
		3A1A7D262BDF0F84008D5160 /* LogInInteractor.swift in Sources */ = {isa = PBXBuildFile; fileRef = 3A1A7D252BDF0F84008D5160 /* LogInInteractor.swift */; };
		3A1A7D282BDF1145008D5160 /* LogInRouter.swift in Sources */ = {isa = PBXBuildFile; fileRef = 3A1A7D272BDF1145008D5160 /* LogInRouter.swift */; };
		3A1A7D2A2BDF1228008D5160 /* LogInEntity.swift in Sources */ = {isa = PBXBuildFile; fileRef = 3A1A7D292BDF1228008D5160 /* LogInEntity.swift */; };
		3A27B2FE2C0E782200E6B297 /* AboutCourseView.swift in Sources */ = {isa = PBXBuildFile; fileRef = 3A27B2FD2C0E782200E6B297 /* AboutCourseView.swift */; };
		3A27B3002C0E897000E6B297 /* DelegateProtocol.swift in Sources */ = {isa = PBXBuildFile; fileRef = 3A27B2FF2C0E897000E6B297 /* DelegateProtocol.swift */; };
		3A27B3042C0E8D0A00E6B297 /* EntutyMyCourse.swift in Sources */ = {isa = PBXBuildFile; fileRef = 3A27B3032C0E8D0A00E6B297 /* EntutyMyCourse.swift */; };
		3A27B3092C0E926500E6B297 /* ListOfChaptersView.swift in Sources */ = {isa = PBXBuildFile; fileRef = 3A27B3082C0E926500E6B297 /* ListOfChaptersView.swift */; };
		3A27B3182C0E937100E6B297 /* ChaptersTableCell.swift in Sources */ = {isa = PBXBuildFile; fileRef = 3A27B3162C0E937100E6B297 /* ChaptersTableCell.swift */; };
		3A27B3192C0E937100E6B297 /* ChaptersTableCell.xib in Resources */ = {isa = PBXBuildFile; fileRef = 3A27B3172C0E937100E6B297 /* ChaptersTableCell.xib */; };
		3A27B31C2C0E96C800E6B297 /* ModelChapter.swift in Sources */ = {isa = PBXBuildFile; fileRef = 3A27B31B2C0E96C800E6B297 /* ModelChapter.swift */; };
		3A27B31F2C0E989700E6B297 /* GradienLlabel.swift in Sources */ = {isa = PBXBuildFile; fileRef = 3A27B31E2C0E989700E6B297 /* GradienLlabel.swift */; };
		3A77CB6C2C0A02B700BFEACC /* NewsView.swift in Sources */ = {isa = PBXBuildFile; fileRef = 3A77CB6B2C0A02B700BFEACC /* NewsView.swift */; };
		3A77CB6E2C0A02CB00BFEACC /* CoursesView.swift in Sources */ = {isa = PBXBuildFile; fileRef = 3A77CB6D2C0A02CB00BFEACC /* CoursesView.swift */; };
		3A77CB702C0A032900BFEACC /* MyCourseView.swift in Sources */ = {isa = PBXBuildFile; fileRef = 3A77CB6F2C0A032900BFEACC /* MyCourseView.swift */; };
		3A77CB722C0A034E00BFEACC /* ProfileView.swift in Sources */ = {isa = PBXBuildFile; fileRef = 3A77CB712C0A034E00BFEACC /* ProfileView.swift */; };
		3A77CB792C0A142900BFEACC /* SignUpView.swift in Sources */ = {isa = PBXBuildFile; fileRef = 3A77CB782C0A142900BFEACC /* SignUpView.swift */; };
		3A7B79622C120C670064E325 /* ListTableViewCell.swift in Sources */ = {isa = PBXBuildFile; fileRef = 3A7B79602C120C670064E325 /* ListTableViewCell.swift */; };
		3A7B79632C120C670064E325 /* ListTableViewCell.xib in Resources */ = {isa = PBXBuildFile; fileRef = 3A7B79612C120C670064E325 /* ListTableViewCell.xib */; };
		3A7B79652C120E6A0064E325 /* achieveModel.swift in Sources */ = {isa = PBXBuildFile; fileRef = 3A7B79642C120E6A0064E325 /* achieveModel.swift */; };
		3A7B79672C124A610064E325 /* CalendarCell.swift in Sources */ = {isa = PBXBuildFile; fileRef = 3A7B79662C124A610064E325 /* CalendarCell.swift */; };
		3A7B79692C124A8A0064E325 /* CalendarHelper.swift in Sources */ = {isa = PBXBuildFile; fileRef = 3A7B79682C124A8A0064E325 /* CalendarHelper.swift */; };
		3A7B796B2C125EDC0064E325 /* TestVCViewController.swift in Sources */ = {isa = PBXBuildFile; fileRef = 3A7B796A2C125EDC0064E325 /* TestVCViewController.swift */; };
		3A7B796F2C1262FD0064E325 /* DateUserDefault.swift in Sources */ = {isa = PBXBuildFile; fileRef = 3A7B796E2C1262FD0064E325 /* DateUserDefault.swift */; };
		3A7B79742C1277CA0064E325 /* Localizable.strings in Resources */ = {isa = PBXBuildFile; fileRef = 3A7B79722C1277CA0064E325 /* Localizable.strings */; };
		3A7B797A2C127A660064E325 /* String+extension.swift in Sources */ = {isa = PBXBuildFile; fileRef = 3A7B79792C127A660064E325 /* String+extension.swift */; };
		3A83F20B2C0FD01300F2C03E /* ListAchievsVC.swift in Sources */ = {isa = PBXBuildFile; fileRef = 3A83F20A2C0FD01300F2C03E /* ListAchievsVC.swift */; };
		3A83F2142C0FD1FE00F2C03E /* SelectedNewsVC.swift in Sources */ = {isa = PBXBuildFile; fileRef = 3A83F2132C0FD1FE00F2C03E /* SelectedNewsVC.swift */; };
		3A83F2182C0FD36200F2C03E /* NewsTableViewCell.swift in Sources */ = {isa = PBXBuildFile; fileRef = 3A83F2162C0FD36200F2C03E /* NewsTableViewCell.swift */; };
		3A83F2192C0FD36200F2C03E /* NewsTableViewCell.xib in Resources */ = {isa = PBXBuildFile; fileRef = 3A83F2172C0FD36200F2C03E /* NewsTableViewCell.xib */; };
		3A885DEC2BF3DECC00BB5BF3 /* MainMenuRouter.swift in Sources */ = {isa = PBXBuildFile; fileRef = 3A885DEB2BF3DECC00BB5BF3 /* MainMenuRouter.swift */; };
		3A885DEE2BF3DEE200BB5BF3 /* MainMenuEntity.swift in Sources */ = {isa = PBXBuildFile; fileRef = 3A885DED2BF3DEE200BB5BF3 /* MainMenuEntity.swift */; };
		3A885DF02BF3DEF500BB5BF3 /* MainMenuInteractor.swift in Sources */ = {isa = PBXBuildFile; fileRef = 3A885DEF2BF3DEF500BB5BF3 /* MainMenuInteractor.swift */; };
		3A885DF22BF3DF0200BB5BF3 /* MainMenuPresenter.swift in Sources */ = {isa = PBXBuildFile; fileRef = 3A885DF12BF3DF0200BB5BF3 /* MainMenuPresenter.swift */; };
		3A885DF62BF3E01300BB5BF3 /* MainMenuView.swift in Sources */ = {isa = PBXBuildFile; fileRef = 3A885DF52BF3E01300BB5BF3 /* MainMenuView.swift */; };
		3A909A282BDEE32C00D824A9 /* AppDelegate.swift in Sources */ = {isa = PBXBuildFile; fileRef = 3A909A272BDEE32C00D824A9 /* AppDelegate.swift */; };
		3A909A2A2BDEE32C00D824A9 /* SceneDelegate.swift in Sources */ = {isa = PBXBuildFile; fileRef = 3A909A292BDEE32C00D824A9 /* SceneDelegate.swift */; };
		3A909A2F2BDEE32C00D824A9 /* Base in Resources */ = {isa = PBXBuildFile; fileRef = 3A909A2E2BDEE32C00D824A9 /* Base */; };
		3A909A322BDEE32C00D824A9 /* BlockHub.xcdatamodeld in Sources */ = {isa = PBXBuildFile; fileRef = 3A909A302BDEE32C00D824A9 /* BlockHub.xcdatamodeld */; };
		3A909A372BDEE32D00D824A9 /* Base in Resources */ = {isa = PBXBuildFile; fileRef = 3A909A362BDEE32D00D824A9 /* Base */; };
		3A909A422BDEE32E00D824A9 /* BlockHubTests.swift in Sources */ = {isa = PBXBuildFile; fileRef = 3A909A412BDEE32E00D824A9 /* BlockHubTests.swift */; };
		3A909A4C2BDEE32E00D824A9 /* BlockHubUITests.swift in Sources */ = {isa = PBXBuildFile; fileRef = 3A909A4B2BDEE32E00D824A9 /* BlockHubUITests.swift */; };
		3A909A4E2BDEE32E00D824A9 /* BlockHubUITestsLaunchTests.swift in Sources */ = {isa = PBXBuildFile; fileRef = 3A909A4D2BDEE32E00D824A9 /* BlockHubUITestsLaunchTests.swift */; };
		3A9D402C2C0D08D100931380 /* TableViewCell.swift in Sources */ = {isa = PBXBuildFile; fileRef = 3A9D402A2C0D08D100931380 /* TableViewCell.swift */; };
		3A9D402D2C0D08D100931380 /* TableViewCell.xib in Resources */ = {isa = PBXBuildFile; fileRef = 3A9D402B2C0D08D100931380 /* TableViewCell.xib */; };
		3A9D402F2C0D0C5300931380 /* ModelCourse.swift in Sources */ = {isa = PBXBuildFile; fileRef = 3A9D402E2C0D0C5300931380 /* ModelCourse.swift */; };
		3A9D40332C0D217B00931380 /* CoursesTableViewCell.swift in Sources */ = {isa = PBXBuildFile; fileRef = 3A9D40312C0D217B00931380 /* CoursesTableViewCell.swift */; };
		3A9D40342C0D217B00931380 /* CoursesTableViewCell.xib in Resources */ = {isa = PBXBuildFile; fileRef = 3A9D40322C0D217B00931380 /* CoursesTableViewCell.xib */; };
		3A9D40362C0D27C700931380 /* ListOfCourses.swift in Sources */ = {isa = PBXBuildFile; fileRef = 3A9D40352C0D27C700931380 /* ListOfCourses.swift */; };
		3A9D40382C0D294000931380 /* Assets.xcassets in Resources */ = {isa = PBXBuildFile; fileRef = 3A9D40372C0D294000931380 /* Assets.xcassets */; };
		3ACF634E2C13285E00CA24F2 /* notificationModel.swift in Sources */ = {isa = PBXBuildFile; fileRef = 3ACF634D2C13285E00CA24F2 /* notificationModel.swift */; };
		3ACF63512C137D9500CA24F2 /* TokenStorageServiceUserDeafult.swift in Sources */ = {isa = PBXBuildFile; fileRef = 3ACF63502C137D9500CA24F2 /* TokenStorageServiceUserDeafult.swift */; };
		3ACF63542C137DBD00CA24F2 /* AuthService.swift in Sources */ = {isa = PBXBuildFile; fileRef = 3ACF63532C137DBD00CA24F2 /* AuthService.swift */; };
		3ACF63572C137E9800CA24F2 /* AuthInterceptorHeader.swift in Sources */ = {isa = PBXBuildFile; fileRef = 3ACF63562C137E9800CA24F2 /* AuthInterceptorHeader.swift */; };
		3ACF635B2C13921800CA24F2 /* CourceService.swift in Sources */ = {isa = PBXBuildFile; fileRef = 3ACF635A2C13921800CA24F2 /* CourceService.swift */; };
		3ACF635E2C139CAE00CA24F2 /* NewsService.swift in Sources */ = {isa = PBXBuildFile; fileRef = 3ACF635D2C139CAE00CA24F2 /* NewsService.swift */; };
		3ADDE03C2C0FD8D10007FE0A /* NewsModel.swift in Sources */ = {isa = PBXBuildFile; fileRef = 3ADDE03B2C0FD8D10007FE0A /* NewsModel.swift */; };
		3AFF038D2C10EBB1004A3B70 /* CalendarViewController.swift in Sources */ = {isa = PBXBuildFile; fileRef = 3AFF038C2C10EBB1004A3B70 /* CalendarViewController.swift */; };
		3AFF03962C10F6FE004A3B70 /* CompletingViewController.swift in Sources */ = {isa = PBXBuildFile; fileRef = 3AFF03952C10F6FE004A3B70 /* CompletingViewController.swift */; };
		3AFF039A2C10F7A6004A3B70 /* CompletingTableViewCell.xib in Resources */ = {isa = PBXBuildFile; fileRef = 3AFF03992C10F7A6004A3B70 /* CompletingTableViewCell.xib */; };
		3AFF039B2C10F7A6004A3B70 /* CompletingTableViewCell.swift in Sources */ = {isa = PBXBuildFile; fileRef = 3AFF03982C10F7A6004A3B70 /* CompletingTableViewCell.swift */; };
		3AFF039D2C10FBA2004A3B70 /* CompletingModel.swift in Sources */ = {isa = PBXBuildFile; fileRef = 3AFF039C2C10FBA2004A3B70 /* CompletingModel.swift */; };
		3AFF03A52C110953004A3B70 /* LearningProcessVC.swift in Sources */ = {isa = PBXBuildFile; fileRef = 3AFF03A42C110953004A3B70 /* LearningProcessVC.swift */; };
		3AFF03AA2C110DFC004A3B70 /* testPDF.pdf in Resources */ = {isa = PBXBuildFile; fileRef = 3AFF03A92C110DFC004A3B70 /* testPDF.pdf */; };
		3AFF03B32C11341A004A3B70 /* QuizVC.swift in Sources */ = {isa = PBXBuildFile; fileRef = 3AFF03B22C11341A004A3B70 /* QuizVC.swift */; };
		3AFF03B52C113979004A3B70 /* QuizModel.swift in Sources */ = {isa = PBXBuildFile; fileRef = 3AFF03B42C113979004A3B70 /* QuizModel.swift */; };
		60F8AC388194AA1D80860819 /* Pods_BlockHub_BlockHubUITests.framework in Frameworks */ = {isa = PBXBuildFile; fileRef = 8478788D2662687AB65DB93E /* Pods_BlockHub_BlockHubUITests.framework */; };
		62E3040A6624710D375F773E /* Pods_BlockHubTests.framework in Frameworks */ = {isa = PBXBuildFile; fileRef = E64EBC2B059843E9686B74F6 /* Pods_BlockHubTests.framework */; };
/* End PBXBuildFile section */

/* Begin PBXContainerItemProxy section */
		3A909A3E2BDEE32E00D824A9 /* PBXContainerItemProxy */ = {
			isa = PBXContainerItemProxy;
			containerPortal = 3A909A1C2BDEE32C00D824A9 /* Project object */;
			proxyType = 1;
			remoteGlobalIDString = 3A909A232BDEE32C00D824A9;
			remoteInfo = BlockHub;
		};
		3A909A482BDEE32E00D824A9 /* PBXContainerItemProxy */ = {
			isa = PBXContainerItemProxy;
			containerPortal = 3A909A1C2BDEE32C00D824A9 /* Project object */;
			proxyType = 1;
			remoteGlobalIDString = 3A909A232BDEE32C00D824A9;
			remoteInfo = BlockHub;
		};
/* End PBXContainerItemProxy section */

/* Begin PBXFileReference section */
		1A7DA287258E5D5073EFFB5B /* Pods_BlockHub.framework */ = {isa = PBXFileReference; explicitFileType = wrapper.framework; includeInIndex = 0; path = Pods_BlockHub.framework; sourceTree = BUILT_PRODUCTS_DIR; };
		3A1A7D162BDF03A4008D5160 /* Notes */ = {isa = PBXFileReference; lastKnownFileType = text; path = Notes; sourceTree = "<group>"; };
		3A1A7D212BDF0B99008D5160 /* LogInView.swift */ = {isa = PBXFileReference; lastKnownFileType = sourcecode.swift; path = LogInView.swift; sourceTree = "<group>"; };
		3A1A7D232BDF0E95008D5160 /* LogInPresentor.swift */ = {isa = PBXFileReference; lastKnownFileType = sourcecode.swift; path = LogInPresentor.swift; sourceTree = "<group>"; };
		3A1A7D252BDF0F84008D5160 /* LogInInteractor.swift */ = {isa = PBXFileReference; lastKnownFileType = sourcecode.swift; path = LogInInteractor.swift; sourceTree = "<group>"; };
		3A1A7D272BDF1145008D5160 /* LogInRouter.swift */ = {isa = PBXFileReference; lastKnownFileType = sourcecode.swift; path = LogInRouter.swift; sourceTree = "<group>"; };
		3A1A7D292BDF1228008D5160 /* LogInEntity.swift */ = {isa = PBXFileReference; lastKnownFileType = sourcecode.swift; path = LogInEntity.swift; sourceTree = "<group>"; };
		3A27B2FD2C0E782200E6B297 /* AboutCourseView.swift */ = {isa = PBXFileReference; lastKnownFileType = sourcecode.swift; path = AboutCourseView.swift; sourceTree = "<group>"; };
		3A27B2FF2C0E897000E6B297 /* DelegateProtocol.swift */ = {isa = PBXFileReference; lastKnownFileType = sourcecode.swift; path = DelegateProtocol.swift; sourceTree = "<group>"; };
		3A27B3032C0E8D0A00E6B297 /* EntutyMyCourse.swift */ = {isa = PBXFileReference; lastKnownFileType = sourcecode.swift; path = EntutyMyCourse.swift; sourceTree = "<group>"; };
		3A27B3082C0E926500E6B297 /* ListOfChaptersView.swift */ = {isa = PBXFileReference; lastKnownFileType = sourcecode.swift; path = ListOfChaptersView.swift; sourceTree = "<group>"; };
		3A27B3162C0E937100E6B297 /* ChaptersTableCell.swift */ = {isa = PBXFileReference; lastKnownFileType = sourcecode.swift; path = ChaptersTableCell.swift; sourceTree = "<group>"; };
		3A27B3172C0E937100E6B297 /* ChaptersTableCell.xib */ = {isa = PBXFileReference; lastKnownFileType = file.xib; path = ChaptersTableCell.xib; sourceTree = "<group>"; };
		3A27B31B2C0E96C800E6B297 /* ModelChapter.swift */ = {isa = PBXFileReference; lastKnownFileType = sourcecode.swift; path = ModelChapter.swift; sourceTree = "<group>"; };
		3A27B31E2C0E989700E6B297 /* GradienLlabel.swift */ = {isa = PBXFileReference; lastKnownFileType = sourcecode.swift; path = GradienLlabel.swift; sourceTree = "<group>"; };
		3A77CB6B2C0A02B700BFEACC /* NewsView.swift */ = {isa = PBXFileReference; lastKnownFileType = sourcecode.swift; path = NewsView.swift; sourceTree = "<group>"; };
		3A77CB6D2C0A02CB00BFEACC /* CoursesView.swift */ = {isa = PBXFileReference; lastKnownFileType = sourcecode.swift; path = CoursesView.swift; sourceTree = "<group>"; };
		3A77CB6F2C0A032900BFEACC /* MyCourseView.swift */ = {isa = PBXFileReference; lastKnownFileType = sourcecode.swift; path = MyCourseView.swift; sourceTree = "<group>"; };
		3A77CB712C0A034E00BFEACC /* ProfileView.swift */ = {isa = PBXFileReference; lastKnownFileType = sourcecode.swift; path = ProfileView.swift; sourceTree = "<group>"; };
		3A77CB782C0A142900BFEACC /* SignUpView.swift */ = {isa = PBXFileReference; lastKnownFileType = sourcecode.swift; path = SignUpView.swift; sourceTree = "<group>"; };
		3A7B79602C120C670064E325 /* ListTableViewCell.swift */ = {isa = PBXFileReference; lastKnownFileType = sourcecode.swift; path = ListTableViewCell.swift; sourceTree = "<group>"; };
		3A7B79612C120C670064E325 /* ListTableViewCell.xib */ = {isa = PBXFileReference; lastKnownFileType = file.xib; path = ListTableViewCell.xib; sourceTree = "<group>"; };
		3A7B79642C120E6A0064E325 /* achieveModel.swift */ = {isa = PBXFileReference; lastKnownFileType = sourcecode.swift; path = achieveModel.swift; sourceTree = "<group>"; };
		3A7B79662C124A610064E325 /* CalendarCell.swift */ = {isa = PBXFileReference; lastKnownFileType = sourcecode.swift; path = CalendarCell.swift; sourceTree = "<group>"; };
		3A7B79682C124A8A0064E325 /* CalendarHelper.swift */ = {isa = PBXFileReference; lastKnownFileType = sourcecode.swift; path = CalendarHelper.swift; sourceTree = "<group>"; };
		3A7B796A2C125EDC0064E325 /* TestVCViewController.swift */ = {isa = PBXFileReference; lastKnownFileType = sourcecode.swift; path = TestVCViewController.swift; sourceTree = "<group>"; };
		3A7B796E2C1262FD0064E325 /* DateUserDefault.swift */ = {isa = PBXFileReference; lastKnownFileType = sourcecode.swift; path = DateUserDefault.swift; sourceTree = "<group>"; };
		3A7B79702C12779E0064E325 /* ru */ = {isa = PBXFileReference; lastKnownFileType = text.plist.strings; name = ru; path = ru.lproj/Main.strings; sourceTree = "<group>"; };
		3A7B79712C12779E0064E325 /* ru */ = {isa = PBXFileReference; lastKnownFileType = text.plist.strings; name = ru; path = ru.lproj/LaunchScreen.strings; sourceTree = "<group>"; };
		3A7B79732C1277CA0064E325 /* en */ = {isa = PBXFileReference; lastKnownFileType = text.plist.strings; name = en; path = en.lproj/Localizable.strings; sourceTree = "<group>"; };
		3A7B79752C1278090064E325 /* kk-KZ */ = {isa = PBXFileReference; lastKnownFileType = text.plist.strings; name = "kk-KZ"; path = "kk-KZ.lproj/Main.strings"; sourceTree = "<group>"; };
		3A7B79762C1278090064E325 /* kk-KZ */ = {isa = PBXFileReference; lastKnownFileType = text.plist.strings; name = "kk-KZ"; path = "kk-KZ.lproj/LaunchScreen.strings"; sourceTree = "<group>"; };
		3A7B79772C1278090064E325 /* kk-KZ */ = {isa = PBXFileReference; lastKnownFileType = text.plist.strings; name = "kk-KZ"; path = "kk-KZ.lproj/Localizable.strings"; sourceTree = "<group>"; };
		3A7B79782C1278140064E325 /* ru */ = {isa = PBXFileReference; lastKnownFileType = text.plist.strings; name = ru; path = ru.lproj/Localizable.strings; sourceTree = "<group>"; };
		3A7B79792C127A660064E325 /* String+extension.swift */ = {isa = PBXFileReference; lastKnownFileType = sourcecode.swift; path = "String+extension.swift"; sourceTree = "<group>"; };
		3A7B797C2C127DB90064E325 /* en */ = {isa = PBXFileReference; lastKnownFileType = text.plist.strings; name = en; path = en.lproj/Main.strings; sourceTree = "<group>"; };
		3A83F20A2C0FD01300F2C03E /* ListAchievsVC.swift */ = {isa = PBXFileReference; lastKnownFileType = sourcecode.swift; path = ListAchievsVC.swift; sourceTree = "<group>"; };
		3A83F2132C0FD1FE00F2C03E /* SelectedNewsVC.swift */ = {isa = PBXFileReference; lastKnownFileType = sourcecode.swift; path = SelectedNewsVC.swift; sourceTree = "<group>"; };
		3A83F2162C0FD36200F2C03E /* NewsTableViewCell.swift */ = {isa = PBXFileReference; lastKnownFileType = sourcecode.swift; path = NewsTableViewCell.swift; sourceTree = "<group>"; };
		3A83F2172C0FD36200F2C03E /* NewsTableViewCell.xib */ = {isa = PBXFileReference; lastKnownFileType = file.xib; path = NewsTableViewCell.xib; sourceTree = "<group>"; };
		3A885DEB2BF3DECC00BB5BF3 /* MainMenuRouter.swift */ = {isa = PBXFileReference; lastKnownFileType = sourcecode.swift; path = MainMenuRouter.swift; sourceTree = "<group>"; };
		3A885DED2BF3DEE200BB5BF3 /* MainMenuEntity.swift */ = {isa = PBXFileReference; lastKnownFileType = sourcecode.swift; path = MainMenuEntity.swift; sourceTree = "<group>"; };
		3A885DEF2BF3DEF500BB5BF3 /* MainMenuInteractor.swift */ = {isa = PBXFileReference; lastKnownFileType = sourcecode.swift; path = MainMenuInteractor.swift; sourceTree = "<group>"; };
		3A885DF12BF3DF0200BB5BF3 /* MainMenuPresenter.swift */ = {isa = PBXFileReference; lastKnownFileType = sourcecode.swift; path = MainMenuPresenter.swift; sourceTree = "<group>"; };
		3A885DF52BF3E01300BB5BF3 /* MainMenuView.swift */ = {isa = PBXFileReference; lastKnownFileType = sourcecode.swift; path = MainMenuView.swift; sourceTree = "<group>"; };
		3A909A242BDEE32C00D824A9 /* BlockHub.app */ = {isa = PBXFileReference; explicitFileType = wrapper.application; includeInIndex = 0; path = BlockHub.app; sourceTree = BUILT_PRODUCTS_DIR; };
		3A909A272BDEE32C00D824A9 /* AppDelegate.swift */ = {isa = PBXFileReference; lastKnownFileType = sourcecode.swift; path = AppDelegate.swift; sourceTree = "<group>"; };
		3A909A292BDEE32C00D824A9 /* SceneDelegate.swift */ = {isa = PBXFileReference; lastKnownFileType = sourcecode.swift; path = SceneDelegate.swift; sourceTree = "<group>"; };
		3A909A2E2BDEE32C00D824A9 /* Base */ = {isa = PBXFileReference; lastKnownFileType = file.storyboard; name = Base; path = Base.lproj/Main.storyboard; sourceTree = "<group>"; };
		3A909A312BDEE32C00D824A9 /* BlockHub.xcdatamodel */ = {isa = PBXFileReference; lastKnownFileType = wrapper.xcdatamodel; path = BlockHub.xcdatamodel; sourceTree = "<group>"; };
		3A909A362BDEE32D00D824A9 /* Base */ = {isa = PBXFileReference; lastKnownFileType = file.storyboard; name = Base; path = Base.lproj/LaunchScreen.storyboard; sourceTree = "<group>"; };
		3A909A382BDEE32D00D824A9 /* Info.plist */ = {isa = PBXFileReference; lastKnownFileType = text.plist.xml; path = Info.plist; sourceTree = "<group>"; };
		3A909A3D2BDEE32E00D824A9 /* BlockHubTests.xctest */ = {isa = PBXFileReference; explicitFileType = wrapper.cfbundle; includeInIndex = 0; path = BlockHubTests.xctest; sourceTree = BUILT_PRODUCTS_DIR; };
		3A909A412BDEE32E00D824A9 /* BlockHubTests.swift */ = {isa = PBXFileReference; lastKnownFileType = sourcecode.swift; path = BlockHubTests.swift; sourceTree = "<group>"; };
		3A909A472BDEE32E00D824A9 /* BlockHubUITests.xctest */ = {isa = PBXFileReference; explicitFileType = wrapper.cfbundle; includeInIndex = 0; path = BlockHubUITests.xctest; sourceTree = BUILT_PRODUCTS_DIR; };
		3A909A4B2BDEE32E00D824A9 /* BlockHubUITests.swift */ = {isa = PBXFileReference; lastKnownFileType = sourcecode.swift; path = BlockHubUITests.swift; sourceTree = "<group>"; };
		3A909A4D2BDEE32E00D824A9 /* BlockHubUITestsLaunchTests.swift */ = {isa = PBXFileReference; lastKnownFileType = sourcecode.swift; path = BlockHubUITestsLaunchTests.swift; sourceTree = "<group>"; };
		3A9D402A2C0D08D100931380 /* TableViewCell.swift */ = {isa = PBXFileReference; lastKnownFileType = sourcecode.swift; path = TableViewCell.swift; sourceTree = "<group>"; };
		3A9D402B2C0D08D100931380 /* TableViewCell.xib */ = {isa = PBXFileReference; lastKnownFileType = file.xib; path = TableViewCell.xib; sourceTree = "<group>"; };
		3A9D402E2C0D0C5300931380 /* ModelCourse.swift */ = {isa = PBXFileReference; lastKnownFileType = sourcecode.swift; path = ModelCourse.swift; sourceTree = "<group>"; };
		3A9D40312C0D217B00931380 /* CoursesTableViewCell.swift */ = {isa = PBXFileReference; lastKnownFileType = sourcecode.swift; path = CoursesTableViewCell.swift; sourceTree = "<group>"; };
		3A9D40322C0D217B00931380 /* CoursesTableViewCell.xib */ = {isa = PBXFileReference; lastKnownFileType = file.xib; path = CoursesTableViewCell.xib; sourceTree = "<group>"; };
		3A9D40352C0D27C700931380 /* ListOfCourses.swift */ = {isa = PBXFileReference; lastKnownFileType = sourcecode.swift; path = ListOfCourses.swift; sourceTree = "<group>"; };
		3A9D40372C0D294000931380 /* Assets.xcassets */ = {isa = PBXFileReference; lastKnownFileType = folder.assetcatalog; path = Assets.xcassets; sourceTree = "<group>"; };
		3ACF634D2C13285E00CA24F2 /* notificationModel.swift */ = {isa = PBXFileReference; lastKnownFileType = sourcecode.swift; path = notificationModel.swift; sourceTree = "<group>"; };
		3ACF63502C137D9500CA24F2 /* TokenStorageServiceUserDeafult.swift */ = {isa = PBXFileReference; lastKnownFileType = sourcecode.swift; path = TokenStorageServiceUserDeafult.swift; sourceTree = "<group>"; };
		3ACF63532C137DBD00CA24F2 /* AuthService.swift */ = {isa = PBXFileReference; lastKnownFileType = sourcecode.swift; path = AuthService.swift; sourceTree = "<group>"; };
		3ACF63562C137E9800CA24F2 /* AuthInterceptorHeader.swift */ = {isa = PBXFileReference; lastKnownFileType = sourcecode.swift; path = AuthInterceptorHeader.swift; sourceTree = "<group>"; };
		3ACF635A2C13921800CA24F2 /* CourceService.swift */ = {isa = PBXFileReference; lastKnownFileType = sourcecode.swift; path = CourceService.swift; sourceTree = "<group>"; };
		3ACF635D2C139CAE00CA24F2 /* NewsService.swift */ = {isa = PBXFileReference; lastKnownFileType = sourcecode.swift; path = NewsService.swift; sourceTree = "<group>"; };
		3ADDE03B2C0FD8D10007FE0A /* NewsModel.swift */ = {isa = PBXFileReference; lastKnownFileType = sourcecode.swift; path = NewsModel.swift; sourceTree = "<group>"; };
		3AFF038C2C10EBB1004A3B70 /* CalendarViewController.swift */ = {isa = PBXFileReference; lastKnownFileType = sourcecode.swift; path = CalendarViewController.swift; sourceTree = "<group>"; };
		3AFF03952C10F6FE004A3B70 /* CompletingViewController.swift */ = {isa = PBXFileReference; lastKnownFileType = sourcecode.swift; path = CompletingViewController.swift; sourceTree = "<group>"; };
		3AFF03982C10F7A6004A3B70 /* CompletingTableViewCell.swift */ = {isa = PBXFileReference; lastKnownFileType = sourcecode.swift; path = CompletingTableViewCell.swift; sourceTree = "<group>"; };
		3AFF03992C10F7A6004A3B70 /* CompletingTableViewCell.xib */ = {isa = PBXFileReference; lastKnownFileType = file.xib; path = CompletingTableViewCell.xib; sourceTree = "<group>"; };
		3AFF039C2C10FBA2004A3B70 /* CompletingModel.swift */ = {isa = PBXFileReference; lastKnownFileType = sourcecode.swift; path = CompletingModel.swift; sourceTree = "<group>"; };
		3AFF03A42C110953004A3B70 /* LearningProcessVC.swift */ = {isa = PBXFileReference; lastKnownFileType = sourcecode.swift; path = LearningProcessVC.swift; sourceTree = "<group>"; };
		3AFF03A92C110DFC004A3B70 /* testPDF.pdf */ = {isa = PBXFileReference; lastKnownFileType = image.pdf; path = testPDF.pdf; sourceTree = "<group>"; };
		3AFF03B22C11341A004A3B70 /* QuizVC.swift */ = {isa = PBXFileReference; lastKnownFileType = sourcecode.swift; path = QuizVC.swift; sourceTree = "<group>"; };
		3AFF03B42C113979004A3B70 /* QuizModel.swift */ = {isa = PBXFileReference; lastKnownFileType = sourcecode.swift; path = QuizModel.swift; sourceTree = "<group>"; };
		515AE46831AA25D8BB57E378 /* Pods-BlockHub-BlockHubUITests.debug.xcconfig */ = {isa = PBXFileReference; includeInIndex = 1; lastKnownFileType = text.xcconfig; name = "Pods-BlockHub-BlockHubUITests.debug.xcconfig"; path = "Target Support Files/Pods-BlockHub-BlockHubUITests/Pods-BlockHub-BlockHubUITests.debug.xcconfig"; sourceTree = "<group>"; };
		5EEF6B2DC3C8365512938CCA /* Pods-BlockHub-BlockHubUITests.release.xcconfig */ = {isa = PBXFileReference; includeInIndex = 1; lastKnownFileType = text.xcconfig; name = "Pods-BlockHub-BlockHubUITests.release.xcconfig"; path = "Target Support Files/Pods-BlockHub-BlockHubUITests/Pods-BlockHub-BlockHubUITests.release.xcconfig"; sourceTree = "<group>"; };
		7E553FA0C017E91FD8E7E28D /* Pods-BlockHub.release.xcconfig */ = {isa = PBXFileReference; includeInIndex = 1; lastKnownFileType = text.xcconfig; name = "Pods-BlockHub.release.xcconfig"; path = "Target Support Files/Pods-BlockHub/Pods-BlockHub.release.xcconfig"; sourceTree = "<group>"; };
		8478788D2662687AB65DB93E /* Pods_BlockHub_BlockHubUITests.framework */ = {isa = PBXFileReference; explicitFileType = wrapper.framework; includeInIndex = 0; path = Pods_BlockHub_BlockHubUITests.framework; sourceTree = BUILT_PRODUCTS_DIR; };
		849D87E9B5A1EE59EE437E1C /* Pods-BlockHub.debug.xcconfig */ = {isa = PBXFileReference; includeInIndex = 1; lastKnownFileType = text.xcconfig; name = "Pods-BlockHub.debug.xcconfig"; path = "Target Support Files/Pods-BlockHub/Pods-BlockHub.debug.xcconfig"; sourceTree = "<group>"; };
		E64EBC2B059843E9686B74F6 /* Pods_BlockHubTests.framework */ = {isa = PBXFileReference; explicitFileType = wrapper.framework; includeInIndex = 0; path = Pods_BlockHubTests.framework; sourceTree = BUILT_PRODUCTS_DIR; };
		FE1CDBBBE0B81CBE4A56A149 /* Pods-BlockHubTests.release.xcconfig */ = {isa = PBXFileReference; includeInIndex = 1; lastKnownFileType = text.xcconfig; name = "Pods-BlockHubTests.release.xcconfig"; path = "Target Support Files/Pods-BlockHubTests/Pods-BlockHubTests.release.xcconfig"; sourceTree = "<group>"; };
		FED8929FBFB2D65D21B36341 /* Pods-BlockHubTests.debug.xcconfig */ = {isa = PBXFileReference; includeInIndex = 1; lastKnownFileType = text.xcconfig; name = "Pods-BlockHubTests.debug.xcconfig"; path = "Target Support Files/Pods-BlockHubTests/Pods-BlockHubTests.debug.xcconfig"; sourceTree = "<group>"; };
/* End PBXFileReference section */

/* Begin PBXFrameworksBuildPhase section */
		3A909A212BDEE32C00D824A9 /* Frameworks */ = {
			isa = PBXFrameworksBuildPhase;
			buildActionMask = 2147483647;
			files = (
				182CEBD3993A65E9BCE301CA /* Pods_BlockHub.framework in Frameworks */,
			);
			runOnlyForDeploymentPostprocessing = 0;
		};
		3A909A3A2BDEE32E00D824A9 /* Frameworks */ = {
			isa = PBXFrameworksBuildPhase;
			buildActionMask = 2147483647;
			files = (
				62E3040A6624710D375F773E /* Pods_BlockHubTests.framework in Frameworks */,
			);
			runOnlyForDeploymentPostprocessing = 0;
		};
		3A909A442BDEE32E00D824A9 /* Frameworks */ = {
			isa = PBXFrameworksBuildPhase;
			buildActionMask = 2147483647;
			files = (
				60F8AC388194AA1D80860819 /* Pods_BlockHub_BlockHubUITests.framework in Frameworks */,
			);
			runOnlyForDeploymentPostprocessing = 0;
		};
/* End PBXFrameworksBuildPhase section */

/* Begin PBXGroup section */
		34D096B868C0AC55B8483D8B /* Frameworks */ = {
			isa = PBXGroup;
			children = (
				1A7DA287258E5D5073EFFB5B /* Pods_BlockHub.framework */,
				8478788D2662687AB65DB93E /* Pods_BlockHub_BlockHubUITests.framework */,
				E64EBC2B059843E9686B74F6 /* Pods_BlockHubTests.framework */,
			);
			name = Frameworks;
			sourceTree = "<group>";
		};
		3A1A7D182BDF0AAC008D5160 /* LogInModule */ = {
			isa = PBXGroup;
			children = (
				3A1A7D1E2BDF0B27008D5160 /* Router */,
				3A1A7D1D2BDF0B1E008D5160 /* Entity */,
				3A1A7D1C2BDF0B0A008D5160 /* Interactor */,
				3A1A7D1B2BDF0AF6008D5160 /* Presenter */,
				3A1A7D1A2BDF0AE6008D5160 /* View */,
			);
			path = LogInModule;
			sourceTree = "<group>";
		};
		3A1A7D192BDF0ABB008D5160 /* SignUpModule */ = {
			isa = PBXGroup;
			children = (
				3A77CB772C0A141500BFEACC /* Router */,
				3A77CB762C0A140F00BFEACC /* Entity */,
				3A77CB752C0A140900BFEACC /* Interactor */,
				3A77CB742C0A140400BFEACC /* Presenter */,
				3A77CB732C0A13FF00BFEACC /* View */,
			);
			path = SignUpModule;
			sourceTree = "<group>";
		};
		3A1A7D1A2BDF0AE6008D5160 /* View */ = {
			isa = PBXGroup;
			children = (
				3A1A7D212BDF0B99008D5160 /* LogInView.swift */,
			);
			path = View;
			sourceTree = "<group>";
		};
		3A1A7D1B2BDF0AF6008D5160 /* Presenter */ = {
			isa = PBXGroup;
			children = (
				3A1A7D232BDF0E95008D5160 /* LogInPresentor.swift */,
			);
			path = Presenter;
			sourceTree = "<group>";
		};
		3A1A7D1C2BDF0B0A008D5160 /* Interactor */ = {
			isa = PBXGroup;
			children = (
				3A1A7D252BDF0F84008D5160 /* LogInInteractor.swift */,
			);
			path = Interactor;
			sourceTree = "<group>";
		};
		3A1A7D1D2BDF0B1E008D5160 /* Entity */ = {
			isa = PBXGroup;
			children = (
				3A1A7D292BDF1228008D5160 /* LogInEntity.swift */,
			);
			path = Entity;
			sourceTree = "<group>";
		};
		3A1A7D1E2BDF0B27008D5160 /* Router */ = {
			isa = PBXGroup;
			children = (
				3A1A7D272BDF1145008D5160 /* LogInRouter.swift */,
			);
			path = Router;
			sourceTree = "<group>";
		};
		3A27B2F72C0E77CD00E6B297 /* AboutCourseModule */ = {
			isa = PBXGroup;
			children = (
				3A27B2FC2C0E780600E6B297 /* Router */,
				3A27B2FB2C0E77FF00E6B297 /* Entity */,
				3A27B2FA2C0E77F700E6B297 /* Interactor */,
				3A27B2F92C0E77F100E6B297 /* Presenter */,
				3A27B2F82C0E77EA00E6B297 /* View */,
			);
			path = AboutCourseModule;
			sourceTree = "<group>";
		};
		3A27B2F82C0E77EA00E6B297 /* View */ = {
			isa = PBXGroup;
			children = (
				3A27B2FD2C0E782200E6B297 /* AboutCourseView.swift */,
			);
			path = View;
			sourceTree = "<group>";
		};
		3A27B2F92C0E77F100E6B297 /* Presenter */ = {
			isa = PBXGroup;
			children = (
			);
			path = Presenter;
			sourceTree = "<group>";
		};
		3A27B2FA2C0E77F700E6B297 /* Interactor */ = {
			isa = PBXGroup;
			children = (
				3A27B2FF2C0E897000E6B297 /* DelegateProtocol.swift */,
			);
			path = Interactor;
			sourceTree = "<group>";
		};
		3A27B2FB2C0E77FF00E6B297 /* Entity */ = {
			isa = PBXGroup;
			children = (
			);
			path = Entity;
			sourceTree = "<group>";
		};
		3A27B2FC2C0E780600E6B297 /* Router */ = {
			isa = PBXGroup;
			children = (
			);
			path = Router;
			sourceTree = "<group>";
		};
		3A27B3052C0E8F2000E6B297 /* AuthorizePart */ = {
			isa = PBXGroup;
			children = (
				3A1A7D192BDF0ABB008D5160 /* SignUpModule */,
				3A1A7D182BDF0AAC008D5160 /* LogInModule */,
				3A885DE52BF3DD9200BB5BF3 /* MainModule */,
			);
			path = AuthorizePart;
			sourceTree = "<group>";
		};
		3A27B3062C0E8F4300E6B297 /* CoursesListPart */ = {
			isa = PBXGroup;
			children = (
				3A27B2F72C0E77CD00E6B297 /* AboutCourseModule */,
				3A77CB542C0A014D00BFEACC /* CoursesModule */,
			);
			path = CoursesListPart;
			sourceTree = "<group>";
		};
		3A27B3072C0E924B00E6B297 /* ListOfChaptersModule */ = {
			isa = PBXGroup;
			children = (
				3A27B30E2C0E928700E6B297 /* Router */,
				3A27B30D2C0E928300E6B297 /* Entity */,
				3A27B30C2C0E927B00E6B297 /* Interactor */,
				3A27B30B2C0E927600E6B297 /* Presenter */,
				3A27B30A2C0E927200E6B297 /* View */,
			);
			path = ListOfChaptersModule;
			sourceTree = "<group>";
		};
		3A27B30A2C0E927200E6B297 /* View */ = {
			isa = PBXGroup;
			children = (
				3A27B31A2C0E937400E6B297 /* ChaptersTableCell */,
				3A27B3082C0E926500E6B297 /* ListOfChaptersView.swift */,
			);
			path = View;
			sourceTree = "<group>";
		};
		3A27B30B2C0E927600E6B297 /* Presenter */ = {
			isa = PBXGroup;
			children = (
			);
			path = Presenter;
			sourceTree = "<group>";
		};
		3A27B30C2C0E927B00E6B297 /* Interactor */ = {
			isa = PBXGroup;
			children = (
				3A27B31B2C0E96C800E6B297 /* ModelChapter.swift */,
			);
			path = Interactor;
			sourceTree = "<group>";
		};
		3A27B30D2C0E928300E6B297 /* Entity */ = {
			isa = PBXGroup;
			children = (
			);
			path = Entity;
			sourceTree = "<group>";
		};
		3A27B30E2C0E928700E6B297 /* Router */ = {
			isa = PBXGroup;
			children = (
			);
			path = Router;
			sourceTree = "<group>";
		};
		3A27B3102C0E92A300E6B297 /* LearningPart */ = {
			isa = PBXGroup;
			children = (
				3A77CB552C0A016000BFEACC /* MyCourseModule */,
				3A27B3072C0E924B00E6B297 /* ListOfChaptersModule */,
				3AFF038E2C10F6A1004A3B70 /* CompletingModule */,
				3AFF039E2C1108DB004A3B70 /* LearningModule */,
				3AFF03AB2C11336E004A3B70 /* QuizModule */,
			);
			path = LearningPart;
			sourceTree = "<group>";
		};
		3A27B31A2C0E937400E6B297 /* ChaptersTableCell */ = {
			isa = PBXGroup;
			children = (
				3A27B3162C0E937100E6B297 /* ChaptersTableCell.swift */,
				3A27B3172C0E937100E6B297 /* ChaptersTableCell.xib */,
			);
			path = ChaptersTableCell;
			sourceTree = "<group>";
		};
		3A27B31D2C0E986700E6B297 /* Model */ = {
			isa = PBXGroup;
			children = (
				3A27B31E2C0E989700E6B297 /* GradienLlabel.swift */,
				3A7B796A2C125EDC0064E325 /* TestVCViewController.swift */,
				3ACF634D2C13285E00CA24F2 /* notificationModel.swift */,
			);
			path = Model;
			sourceTree = "<group>";
		};
		3A77CB532C0A00F000BFEACC /* NewsModule */ = {
			isa = PBXGroup;
			children = (
				3A77CB572C0A019400BFEACC /* Router */,
				3A77CB582C0A019B00BFEACC /* Entity */,
				3A77CB592C0A01A600BFEACC /* Interactor */,
				3A77CB5A2C0A01B400BFEACC /* Presenter */,
				3A77CB5B2C0A01BC00BFEACC /* View */,
			);
			path = NewsModule;
			sourceTree = "<group>";
		};
		3A77CB542C0A014D00BFEACC /* CoursesModule */ = {
			isa = PBXGroup;
			children = (
				3A77CB682C0A023300BFEACC /* Router */,
				3A77CB652C0A022400BFEACC /* Entity */,
				3A77CB622C0A021000BFEACC /* Interactor */,
				3A77CB5F2C0A01FA00BFEACC /* Presenter */,
				3A77CB5C2C0A01DB00BFEACC /* View */,
			);
			path = CoursesModule;
			sourceTree = "<group>";
		};
		3A77CB552C0A016000BFEACC /* MyCourseModule */ = {
			isa = PBXGroup;
			children = (
				3A77CB692C0A023B00BFEACC /* Router */,
				3A77CB662C0A022C00BFEACC /* Entity */,
				3A77CB632C0A021C00BFEACC /* Interactor */,
				3A77CB602C0A020800BFEACC /* Presenter */,
				3A77CB5D2C0A01E400BFEACC /* View */,
			);
			path = MyCourseModule;
			sourceTree = "<group>";
		};
		3A77CB562C0A017200BFEACC /* ProfileModule */ = {
			isa = PBXGroup;
			children = (
				3A77CB6A2C0A023E00BFEACC /* Router */,
				3A77CB672C0A022E00BFEACC /* Entity */,
				3A77CB642C0A021E00BFEACC /* Interactor */,
				3A77CB612C0A020B00BFEACC /* Presenter */,
				3A77CB5E2C0A01EB00BFEACC /* View */,
			);
			path = ProfileModule;
			sourceTree = "<group>";
		};
		3A77CB572C0A019400BFEACC /* Router */ = {
			isa = PBXGroup;
			children = (
			);
			path = Router;
			sourceTree = "<group>";
		};
		3A77CB582C0A019B00BFEACC /* Entity */ = {
			isa = PBXGroup;
			children = (
			);
			path = Entity;
			sourceTree = "<group>";
		};
		3A77CB592C0A01A600BFEACC /* Interactor */ = {
			isa = PBXGroup;
			children = (
				3ADDE03B2C0FD8D10007FE0A /* NewsModel.swift */,
			);
			path = Interactor;
			sourceTree = "<group>";
		};
		3A77CB5A2C0A01B400BFEACC /* Presenter */ = {
			isa = PBXGroup;
			children = (
			);
			path = Presenter;
			sourceTree = "<group>";
		};
		3A77CB5B2C0A01BC00BFEACC /* View */ = {
			isa = PBXGroup;
			children = (
				3A83F2152C0FD33900F2C03E /* NewsTableViewCell */,
				3A77CB6B2C0A02B700BFEACC /* NewsView.swift */,
			);
			path = View;
			sourceTree = "<group>";
		};
		3A77CB5C2C0A01DB00BFEACC /* View */ = {
			isa = PBXGroup;
			children = (
				3A9D40302C0D215D00931380 /* TableViewCell */,
				3A77CB6D2C0A02CB00BFEACC /* CoursesView.swift */,
			);
			path = View;
			sourceTree = "<group>";
		};
		3A77CB5D2C0A01E400BFEACC /* View */ = {
			isa = PBXGroup;
			children = (
				3A9D40292C0D089700931380 /* TableCell */,
				3A77CB6F2C0A032900BFEACC /* MyCourseView.swift */,
			);
			path = View;
			sourceTree = "<group>";
		};
		3A77CB5E2C0A01EB00BFEACC /* View */ = {
			isa = PBXGroup;
			children = (
				3A77CB712C0A034E00BFEACC /* ProfileView.swift */,
			);
			path = View;
			sourceTree = "<group>";
		};
		3A77CB5F2C0A01FA00BFEACC /* Presenter */ = {
			isa = PBXGroup;
			children = (
			);
			path = Presenter;
			sourceTree = "<group>";
		};
		3A77CB602C0A020800BFEACC /* Presenter */ = {
			isa = PBXGroup;
			children = (
			);
			path = Presenter;
			sourceTree = "<group>";
		};
		3A77CB612C0A020B00BFEACC /* Presenter */ = {
			isa = PBXGroup;
			children = (
			);
			path = Presenter;
			sourceTree = "<group>";
		};
		3A77CB622C0A021000BFEACC /* Interactor */ = {
			isa = PBXGroup;
			children = (
				3A9D40352C0D27C700931380 /* ListOfCourses.swift */,
			);
			path = Interactor;
			sourceTree = "<group>";
		};
		3A77CB632C0A021C00BFEACC /* Interactor */ = {
			isa = PBXGroup;
			children = (
				3A9D402E2C0D0C5300931380 /* ModelCourse.swift */,
			);
			path = Interactor;
			sourceTree = "<group>";
		};
		3A77CB642C0A021E00BFEACC /* Interactor */ = {
			isa = PBXGroup;
			children = (
			);
			path = Interactor;
			sourceTree = "<group>";
		};
		3A77CB652C0A022400BFEACC /* Entity */ = {
			isa = PBXGroup;
			children = (
			);
			path = Entity;
			sourceTree = "<group>";
		};
		3A77CB662C0A022C00BFEACC /* Entity */ = {
			isa = PBXGroup;
			children = (
				3A27B3032C0E8D0A00E6B297 /* EntutyMyCourse.swift */,
			);
			path = Entity;
			sourceTree = "<group>";
		};
		3A77CB672C0A022E00BFEACC /* Entity */ = {
			isa = PBXGroup;
			children = (
			);
			path = Entity;
			sourceTree = "<group>";
		};
		3A77CB682C0A023300BFEACC /* Router */ = {
			isa = PBXGroup;
			children = (
			);
			path = Router;
			sourceTree = "<group>";
		};
		3A77CB692C0A023B00BFEACC /* Router */ = {
			isa = PBXGroup;
			children = (
			);
			path = Router;
			sourceTree = "<group>";
		};
		3A77CB6A2C0A023E00BFEACC /* Router */ = {
			isa = PBXGroup;
			children = (
			);
			path = Router;
			sourceTree = "<group>";
		};
		3A77CB732C0A13FF00BFEACC /* View */ = {
			isa = PBXGroup;
			children = (
				3A77CB782C0A142900BFEACC /* SignUpView.swift */,
			);
			path = View;
			sourceTree = "<group>";
		};
		3A77CB742C0A140400BFEACC /* Presenter */ = {
			isa = PBXGroup;
			children = (
			);
			path = Presenter;
			sourceTree = "<group>";
		};
		3A77CB752C0A140900BFEACC /* Interactor */ = {
			isa = PBXGroup;
			children = (
			);
			path = Interactor;
			sourceTree = "<group>";
		};
		3A77CB762C0A140F00BFEACC /* Entity */ = {
			isa = PBXGroup;
			children = (
			);
			path = Entity;
			sourceTree = "<group>";
		};
		3A77CB772C0A141500BFEACC /* Router */ = {
			isa = PBXGroup;
			children = (
			);
			path = Router;
			sourceTree = "<group>";
		};
		3A7B795F2C120C430064E325 /* ListTableViewCell */ = {
			isa = PBXGroup;
			children = (
				3A7B79602C120C670064E325 /* ListTableViewCell.swift */,
				3A7B79612C120C670064E325 /* ListTableViewCell.xib */,
			);
			path = ListTableViewCell;
			sourceTree = "<group>";
		};
		3A7B796C2C1262CA0064E325 /* UserDefault Service */ = {
			isa = PBXGroup;
			children = (
				3ACF63522C137DA500CA24F2 /* AuthServiceUserDefault */,
				3A7B796D2C1262DA0064E325 /* DateCalendarUserDefault */,
			);
			path = "UserDefault Service";
			sourceTree = "<group>";
		};
		3A7B796D2C1262DA0064E325 /* DateCalendarUserDefault */ = {
			isa = PBXGroup;
			children = (
				3A7B796E2C1262FD0064E325 /* DateUserDefault.swift */,
			);
			path = DateCalendarUserDefault;
			sourceTree = "<group>";
		};
		3A83F2032C0FCFA000F2C03E /* ProfilePart */ = {
			isa = PBXGroup;
			children = (
				3A77CB562C0A017200BFEACC /* ProfileModule */,
				3A83F2042C0FCFC100F2C03E /* ListOfAchieveModule */,
				3AFF03862C10EB66004A3B70 /* CalendarModule */,
			);
			path = ProfilePart;
			sourceTree = "<group>";
		};
		3A83F2042C0FCFC100F2C03E /* ListOfAchieveModule */ = {
			isa = PBXGroup;
			children = (
				3A83F2092C0FCFEE00F2C03E /* Router */,
				3A83F2082C0FCFE900F2C03E /* Entity */,
				3A83F2072C0FCFDF00F2C03E /* Interactor */,
				3A83F2062C0FCFD900F2C03E /* Presenter */,
				3A83F2052C0FCFD500F2C03E /* View */,
			);
			path = ListOfAchieveModule;
			sourceTree = "<group>";
		};
		3A83F2052C0FCFD500F2C03E /* View */ = {
			isa = PBXGroup;
			children = (
				3A7B795F2C120C430064E325 /* ListTableViewCell */,
				3A83F20A2C0FD01300F2C03E /* ListAchievsVC.swift */,
			);
			path = View;
			sourceTree = "<group>";
		};
		3A83F2062C0FCFD900F2C03E /* Presenter */ = {
			isa = PBXGroup;
			children = (
			);
			path = Presenter;
			sourceTree = "<group>";
		};
		3A83F2072C0FCFDF00F2C03E /* Interactor */ = {
			isa = PBXGroup;
			children = (
				3A7B79642C120E6A0064E325 /* achieveModel.swift */,
			);
			path = Interactor;
			sourceTree = "<group>";
		};
		3A83F2082C0FCFE900F2C03E /* Entity */ = {
			isa = PBXGroup;
			children = (
			);
			path = Entity;
			sourceTree = "<group>";
		};
		3A83F2092C0FCFEE00F2C03E /* Router */ = {
			isa = PBXGroup;
			children = (
			);
			path = Router;
			sourceTree = "<group>";
		};
		3A83F20C2C0FD1B400F2C03E /* NewsPart */ = {
			isa = PBXGroup;
			children = (
				3A77CB532C0A00F000BFEACC /* NewsModule */,
				3A83F20D2C0FD1CD00F2C03E /* SelectedNewsModule */,
			);
			path = NewsPart;
			sourceTree = "<group>";
		};
		3A83F20D2C0FD1CD00F2C03E /* SelectedNewsModule */ = {
			isa = PBXGroup;
			children = (
				3A83F2122C0FD1EB00F2C03E /* Router */,
				3A83F2112C0FD1E600F2C03E /* Entity */,
				3A83F2102C0FD1E100F2C03E /* Interactor */,
				3A83F20F2C0FD1DC00F2C03E /* Presenter */,
				3A83F20E2C0FD1D700F2C03E /* View */,
			);
			path = SelectedNewsModule;
			sourceTree = "<group>";
		};
		3A83F20E2C0FD1D700F2C03E /* View */ = {
			isa = PBXGroup;
			children = (
				3A83F2132C0FD1FE00F2C03E /* SelectedNewsVC.swift */,
			);
			path = View;
			sourceTree = "<group>";
		};
		3A83F20F2C0FD1DC00F2C03E /* Presenter */ = {
			isa = PBXGroup;
			children = (
			);
			path = Presenter;
			sourceTree = "<group>";
		};
		3A83F2102C0FD1E100F2C03E /* Interactor */ = {
			isa = PBXGroup;
			children = (
			);
			path = Interactor;
			sourceTree = "<group>";
		};
		3A83F2112C0FD1E600F2C03E /* Entity */ = {
			isa = PBXGroup;
			children = (
			);
			path = Entity;
			sourceTree = "<group>";
		};
		3A83F2122C0FD1EB00F2C03E /* Router */ = {
			isa = PBXGroup;
			children = (
			);
			path = Router;
			sourceTree = "<group>";
		};
		3A83F2152C0FD33900F2C03E /* NewsTableViewCell */ = {
			isa = PBXGroup;
			children = (
				3A83F2162C0FD36200F2C03E /* NewsTableViewCell.swift */,
				3A83F2172C0FD36200F2C03E /* NewsTableViewCell.xib */,
			);
			path = NewsTableViewCell;
			sourceTree = "<group>";
		};
		3A885DE52BF3DD9200BB5BF3 /* MainModule */ = {
			isa = PBXGroup;
			children = (
				3A885DE62BF3DDA800BB5BF3 /* Router */,
				3A885DE72BF3DDB400BB5BF3 /* Entity */,
				3A885DE82BF3DDBD00BB5BF3 /* Interactor */,
				3A885DE92BF3DDF000BB5BF3 /* Presenter */,
				3A885DEA2BF3DDFF00BB5BF3 /* View */,
			);
			path = MainModule;
			sourceTree = "<group>";
		};
		3A885DE62BF3DDA800BB5BF3 /* Router */ = {
			isa = PBXGroup;
			children = (
				3A885DEB2BF3DECC00BB5BF3 /* MainMenuRouter.swift */,
			);
			path = Router;
			sourceTree = "<group>";
		};
		3A885DE72BF3DDB400BB5BF3 /* Entity */ = {
			isa = PBXGroup;
			children = (
				3A885DED2BF3DEE200BB5BF3 /* MainMenuEntity.swift */,
			);
			path = Entity;
			sourceTree = "<group>";
		};
		3A885DE82BF3DDBD00BB5BF3 /* Interactor */ = {
			isa = PBXGroup;
			children = (
				3A885DEF2BF3DEF500BB5BF3 /* MainMenuInteractor.swift */,
			);
			path = Interactor;
			sourceTree = "<group>";
		};
		3A885DE92BF3DDF000BB5BF3 /* Presenter */ = {
			isa = PBXGroup;
			children = (
				3A885DF12BF3DF0200BB5BF3 /* MainMenuPresenter.swift */,
			);
			path = Presenter;
			sourceTree = "<group>";
		};
		3A885DEA2BF3DDFF00BB5BF3 /* View */ = {
			isa = PBXGroup;
			children = (
				3A885DF52BF3E01300BB5BF3 /* MainMenuView.swift */,
			);
			path = View;
			sourceTree = "<group>";
		};
		3A909A1B2BDEE32C00D824A9 = {
			isa = PBXGroup;
			children = (
				3AFF03A62C110ADD004A3B70 /* NotesForTest */,
				3A909A262BDEE32C00D824A9 /* BlockHub */,
				3A909A402BDEE32E00D824A9 /* BlockHubTests */,
				3A909A4A2BDEE32E00D824A9 /* BlockHubUITests */,
				3A909A252BDEE32C00D824A9 /* Products */,
				903B3A1695E02EA7D4DDCCCA /* Pods */,
				34D096B868C0AC55B8483D8B /* Frameworks */,
			);
			sourceTree = "<group>";
		};
		3A909A252BDEE32C00D824A9 /* Products */ = {
			isa = PBXGroup;
			children = (
				3A909A242BDEE32C00D824A9 /* BlockHub.app */,
				3A909A3D2BDEE32E00D824A9 /* BlockHubTests.xctest */,
				3A909A472BDEE32E00D824A9 /* BlockHubUITests.xctest */,
			);
			name = Products;
			sourceTree = "<group>";
		};
		3A909A262BDEE32C00D824A9 /* BlockHub */ = {
			isa = PBXGroup;
			children = (
				3ACF63582C1391E100CA24F2 /* Services */,
				3A7B796C2C1262CA0064E325 /* UserDefault Service */,
				3A27B31D2C0E986700E6B297 /* Model */,
				3A27B3052C0E8F2000E6B297 /* AuthorizePart */,
				3A83F20C2C0FD1B400F2C03E /* NewsPart */,
				3A27B3062C0E8F4300E6B297 /* CoursesListPart */,
				3A27B3102C0E92A300E6B297 /* LearningPart */,
				3A83F2032C0FCFA000F2C03E /* ProfilePart */,
				3A909A272BDEE32C00D824A9 /* AppDelegate.swift */,
				3A909A292BDEE32C00D824A9 /* SceneDelegate.swift */,
				3A909A2D2BDEE32C00D824A9 /* Main.storyboard */,
				3A9D40372C0D294000931380 /* Assets.xcassets */,
				3A909A352BDEE32D00D824A9 /* LaunchScreen.storyboard */,
				3A909A382BDEE32D00D824A9 /* Info.plist */,
				3A909A302BDEE32C00D824A9 /* BlockHub.xcdatamodeld */,
				3A7B79722C1277CA0064E325 /* Localizable.strings */,
				3A7B79792C127A660064E325 /* String+extension.swift */,
			);
			path = BlockHub;
			sourceTree = "<group>";
		};
		3A909A402BDEE32E00D824A9 /* BlockHubTests */ = {
			isa = PBXGroup;
			children = (
				3A909A412BDEE32E00D824A9 /* BlockHubTests.swift */,
			);
			path = BlockHubTests;
			sourceTree = "<group>";
		};
		3A909A4A2BDEE32E00D824A9 /* BlockHubUITests */ = {
			isa = PBXGroup;
			children = (
				3A909A4B2BDEE32E00D824A9 /* BlockHubUITests.swift */,
				3A909A4D2BDEE32E00D824A9 /* BlockHubUITestsLaunchTests.swift */,
			);
			path = BlockHubUITests;
			sourceTree = "<group>";
		};
		3A9D40292C0D089700931380 /* TableCell */ = {
			isa = PBXGroup;
			children = (
				3A9D402A2C0D08D100931380 /* TableViewCell.swift */,
				3A9D402B2C0D08D100931380 /* TableViewCell.xib */,
			);
			path = TableCell;
			sourceTree = "<group>";
		};
		3A9D40302C0D215D00931380 /* TableViewCell */ = {
			isa = PBXGroup;
			children = (
				3A9D40312C0D217B00931380 /* CoursesTableViewCell.swift */,
				3A9D40322C0D217B00931380 /* CoursesTableViewCell.xib */,
			);
			path = TableViewCell;
			sourceTree = "<group>";
		};
		3ACF634F2C137D7200CA24F2 /* TokenStorageService */ = {
			isa = PBXGroup;
			children = (
				3ACF63502C137D9500CA24F2 /* TokenStorageServiceUserDeafult.swift */,
			);
			path = TokenStorageService;
			sourceTree = "<group>";
		};
		3ACF63522C137DA500CA24F2 /* AuthServiceUserDefault */ = {
			isa = PBXGroup;
			children = (
				3ACF63532C137DBD00CA24F2 /* AuthService.swift */,
			);
			path = AuthServiceUserDefault;
			sourceTree = "<group>";
		};
		3ACF63552C137E6900CA24F2 /* AuthInterceptorService */ = {
			isa = PBXGroup;
			children = (
				3ACF63562C137E9800CA24F2 /* AuthInterceptorHeader.swift */,
			);
			path = AuthInterceptorService;
			sourceTree = "<group>";
		};
		3ACF63582C1391E100CA24F2 /* Services */ = {
			isa = PBXGroup;
			children = (
				3ACF635C2C139C9E00CA24F2 /* NewsService */,
				3ACF63592C1391FE00CA24F2 /* CourseService */,
				3ACF634F2C137D7200CA24F2 /* TokenStorageService */,
				3ACF63552C137E6900CA24F2 /* AuthInterceptorService */,
			);
			path = Services;
			sourceTree = "<group>";
		};
		3ACF63592C1391FE00CA24F2 /* CourseService */ = {
			isa = PBXGroup;
			children = (
				3ACF635A2C13921800CA24F2 /* CourceService.swift */,
			);
			path = CourseService;
			sourceTree = "<group>";
		};
		3ACF635C2C139C9E00CA24F2 /* NewsService */ = {
			isa = PBXGroup;
			children = (
				3ACF635D2C139CAE00CA24F2 /* NewsService.swift */,
			);
			path = NewsService;
			sourceTree = "<group>";
		};
		3AFF03862C10EB66004A3B70 /* CalendarModule */ = {
			isa = PBXGroup;
			children = (
				3AFF038B2C10EB96004A3B70 /* Router */,
				3AFF038A2C10EB8F004A3B70 /* Entity */,
				3AFF03892C10EB88004A3B70 /* Interactor */,
				3AFF03882C10EB80004A3B70 /* Presenter */,
				3AFF03872C10EB7D004A3B70 /* View */,
			);
			path = CalendarModule;
			sourceTree = "<group>";
		};
		3AFF03872C10EB7D004A3B70 /* View */ = {
			isa = PBXGroup;
			children = (
				3AFF038C2C10EBB1004A3B70 /* CalendarViewController.swift */,
			);
			path = View;
			sourceTree = "<group>";
		};
		3AFF03882C10EB80004A3B70 /* Presenter */ = {
			isa = PBXGroup;
			children = (
			);
			path = Presenter;
			sourceTree = "<group>";
		};
		3AFF03892C10EB88004A3B70 /* Interactor */ = {
			isa = PBXGroup;
			children = (
				3A7B79662C124A610064E325 /* CalendarCell.swift */,
				3A7B79682C124A8A0064E325 /* CalendarHelper.swift */,
			);
			path = Interactor;
			sourceTree = "<group>";
		};
		3AFF038A2C10EB8F004A3B70 /* Entity */ = {
			isa = PBXGroup;
			children = (
			);
			path = Entity;
			sourceTree = "<group>";
		};
		3AFF038B2C10EB96004A3B70 /* Router */ = {
			isa = PBXGroup;
			children = (
			);
			path = Router;
			sourceTree = "<group>";
		};
		3AFF038E2C10F6A1004A3B70 /* CompletingModule */ = {
			isa = PBXGroup;
			children = (
				3AFF03942C10F6E0004A3B70 /* Router */,
				3AFF03932C10F6DC004A3B70 /* Entiry */,
				3AFF03922C10F6D6004A3B70 /* Interactor */,
				3AFF03912C10F6D1004A3B70 /* Presenter */,
				3AFF03902C10F6CD004A3B70 /* View */,
			);
			path = CompletingModule;
			sourceTree = "<group>";
		};
		3AFF03902C10F6CD004A3B70 /* View */ = {
			isa = PBXGroup;
			children = (
				3AFF03972C10F786004A3B70 /* CompletingTableViewCell */,
				3AFF03952C10F6FE004A3B70 /* CompletingViewController.swift */,
			);
			path = View;
			sourceTree = "<group>";
		};
		3AFF03912C10F6D1004A3B70 /* Presenter */ = {
			isa = PBXGroup;
			children = (
			);
			path = Presenter;
			sourceTree = "<group>";
		};
		3AFF03922C10F6D6004A3B70 /* Interactor */ = {
			isa = PBXGroup;
			children = (
				3AFF039C2C10FBA2004A3B70 /* CompletingModel.swift */,
			);
			path = Interactor;
			sourceTree = "<group>";
		};
		3AFF03932C10F6DC004A3B70 /* Entiry */ = {
			isa = PBXGroup;
			children = (
			);
			path = Entiry;
			sourceTree = "<group>";
		};
		3AFF03942C10F6E0004A3B70 /* Router */ = {
			isa = PBXGroup;
			children = (
			);
			path = Router;
			sourceTree = "<group>";
		};
		3AFF03972C10F786004A3B70 /* CompletingTableViewCell */ = {
			isa = PBXGroup;
			children = (
				3AFF03982C10F7A6004A3B70 /* CompletingTableViewCell.swift */,
				3AFF03992C10F7A6004A3B70 /* CompletingTableViewCell.xib */,
			);
			path = CompletingTableViewCell;
			sourceTree = "<group>";
		};
		3AFF039E2C1108DB004A3B70 /* LearningModule */ = {
			isa = PBXGroup;
			children = (
				3AFF03A32C110936004A3B70 /* Router */,
				3AFF03A22C110930004A3B70 /* Entity */,
				3AFF03A12C11092B004A3B70 /* Interactor */,
				3AFF03A02C110926004A3B70 /* Presenter */,
				3AFF039F2C110922004A3B70 /* View */,
			);
			path = LearningModule;
			sourceTree = "<group>";
		};
		3AFF039F2C110922004A3B70 /* View */ = {
			isa = PBXGroup;
			children = (
				3AFF03A42C110953004A3B70 /* LearningProcessVC.swift */,
			);
			path = View;
			sourceTree = "<group>";
		};
		3AFF03A02C110926004A3B70 /* Presenter */ = {
			isa = PBXGroup;
			children = (
			);
			path = Presenter;
			sourceTree = "<group>";
		};
		3AFF03A12C11092B004A3B70 /* Interactor */ = {
			isa = PBXGroup;
			children = (
			);
			path = Interactor;
			sourceTree = "<group>";
		};
		3AFF03A22C110930004A3B70 /* Entity */ = {
			isa = PBXGroup;
			children = (
			);
			path = Entity;
			sourceTree = "<group>";
		};
		3AFF03A32C110936004A3B70 /* Router */ = {
			isa = PBXGroup;
			children = (
			);
			path = Router;
			sourceTree = "<group>";
		};
		3AFF03A62C110ADD004A3B70 /* NotesForTest */ = {
			isa = PBXGroup;
			children = (
				3A1A7D162BDF03A4008D5160 /* Notes */,
				3AFF03A92C110DFC004A3B70 /* testPDF.pdf */,
			);
			path = NotesForTest;
			sourceTree = "<group>";
		};
		3AFF03AB2C11336E004A3B70 /* QuizModule */ = {
			isa = PBXGroup;
			children = (
				3AFF03B12C1133F6004A3B70 /* Router */,
				3AFF03B02C1133F0004A3B70 /* Entity */,
				3AFF03AF2C1133E9004A3B70 /* Interactor */,
				3AFF03AE2C1133DD004A3B70 /* Presenter */,
				3AFF03AD2C1133D9004A3B70 /* View */,
			);
			path = QuizModule;
			sourceTree = "<group>";
		};
		3AFF03AD2C1133D9004A3B70 /* View */ = {
			isa = PBXGroup;
			children = (
				3AFF03B22C11341A004A3B70 /* QuizVC.swift */,
			);
			path = View;
			sourceTree = "<group>";
		};
		3AFF03AE2C1133DD004A3B70 /* Presenter */ = {
			isa = PBXGroup;
			children = (
			);
			path = Presenter;
			sourceTree = "<group>";
		};
		3AFF03AF2C1133E9004A3B70 /* Interactor */ = {
			isa = PBXGroup;
			children = (
				3AFF03B42C113979004A3B70 /* QuizModel.swift */,
			);
			path = Interactor;
			sourceTree = "<group>";
		};
		3AFF03B02C1133F0004A3B70 /* Entity */ = {
			isa = PBXGroup;
			children = (
			);
			path = Entity;
			sourceTree = "<group>";
		};
		3AFF03B12C1133F6004A3B70 /* Router */ = {
			isa = PBXGroup;
			children = (
			);
			path = Router;
			sourceTree = "<group>";
		};
		903B3A1695E02EA7D4DDCCCA /* Pods */ = {
			isa = PBXGroup;
			children = (
				849D87E9B5A1EE59EE437E1C /* Pods-BlockHub.debug.xcconfig */,
				7E553FA0C017E91FD8E7E28D /* Pods-BlockHub.release.xcconfig */,
				515AE46831AA25D8BB57E378 /* Pods-BlockHub-BlockHubUITests.debug.xcconfig */,
				5EEF6B2DC3C8365512938CCA /* Pods-BlockHub-BlockHubUITests.release.xcconfig */,
				FED8929FBFB2D65D21B36341 /* Pods-BlockHubTests.debug.xcconfig */,
				FE1CDBBBE0B81CBE4A56A149 /* Pods-BlockHubTests.release.xcconfig */,
			);
			path = Pods;
			sourceTree = "<group>";
		};
/* End PBXGroup section */

/* Begin PBXNativeTarget section */
		3A909A232BDEE32C00D824A9 /* BlockHub */ = {
			isa = PBXNativeTarget;
			buildConfigurationList = 3A909A512BDEE32E00D824A9 /* Build configuration list for PBXNativeTarget "BlockHub" */;
			buildPhases = (
				EB4285F770DAF112E941097C /* [CP] Check Pods Manifest.lock */,
				3A909A202BDEE32C00D824A9 /* Sources */,
				3A909A212BDEE32C00D824A9 /* Frameworks */,
				3A909A222BDEE32C00D824A9 /* Resources */,
				D00431CFAD784876E2E7E6FE /* [CP] Embed Pods Frameworks */,
			);
			buildRules = (
			);
			dependencies = (
			);
			name = BlockHub;
			productName = BlockHub;
			productReference = 3A909A242BDEE32C00D824A9 /* BlockHub.app */;
			productType = "com.apple.product-type.application";
		};
		3A909A3C2BDEE32E00D824A9 /* BlockHubTests */ = {
			isa = PBXNativeTarget;
			buildConfigurationList = 3A909A542BDEE32E00D824A9 /* Build configuration list for PBXNativeTarget "BlockHubTests" */;
			buildPhases = (
				F805825FCC9125A338E61059 /* [CP] Check Pods Manifest.lock */,
				3A909A392BDEE32E00D824A9 /* Sources */,
				3A909A3A2BDEE32E00D824A9 /* Frameworks */,
				3A909A3B2BDEE32E00D824A9 /* Resources */,
			);
			buildRules = (
			);
			dependencies = (
				3A909A3F2BDEE32E00D824A9 /* PBXTargetDependency */,
			);
			name = BlockHubTests;
			productName = BlockHubTests;
			productReference = 3A909A3D2BDEE32E00D824A9 /* BlockHubTests.xctest */;
			productType = "com.apple.product-type.bundle.unit-test";
		};
		3A909A462BDEE32E00D824A9 /* BlockHubUITests */ = {
			isa = PBXNativeTarget;
			buildConfigurationList = 3A909A572BDEE32E00D824A9 /* Build configuration list for PBXNativeTarget "BlockHubUITests" */;
			buildPhases = (
				237CD1AA3F2DDD6CB7966909 /* [CP] Check Pods Manifest.lock */,
				3A909A432BDEE32E00D824A9 /* Sources */,
				3A909A442BDEE32E00D824A9 /* Frameworks */,
				3A909A452BDEE32E00D824A9 /* Resources */,
				D61BD4C119AE6780E2D4F2CD /* [CP] Embed Pods Frameworks */,
			);
			buildRules = (
			);
			dependencies = (
				3A909A492BDEE32E00D824A9 /* PBXTargetDependency */,
			);
			name = BlockHubUITests;
			productName = BlockHubUITests;
			productReference = 3A909A472BDEE32E00D824A9 /* BlockHubUITests.xctest */;
			productType = "com.apple.product-type.bundle.ui-testing";
		};
/* End PBXNativeTarget section */

/* Begin PBXProject section */
		3A909A1C2BDEE32C00D824A9 /* Project object */ = {
			isa = PBXProject;
			attributes = {
				BuildIndependentTargetsInParallel = 1;
				LastSwiftUpdateCheck = 1530;
				LastUpgradeCheck = 1530;
				TargetAttributes = {
					3A909A232BDEE32C00D824A9 = {
						CreatedOnToolsVersion = 15.3;
					};
					3A909A3C2BDEE32E00D824A9 = {
						CreatedOnToolsVersion = 15.3;
						TestTargetID = 3A909A232BDEE32C00D824A9;
					};
					3A909A462BDEE32E00D824A9 = {
						CreatedOnToolsVersion = 15.3;
						TestTargetID = 3A909A232BDEE32C00D824A9;
					};
				};
			};
			buildConfigurationList = 3A909A1F2BDEE32C00D824A9 /* Build configuration list for PBXProject "BlockHub" */;
			compatibilityVersion = "Xcode 14.0";
			developmentRegion = en;
			hasScannedForEncodings = 0;
			knownRegions = (
				en,
				Base,
				ru,
				"kk-KZ",
			);
			mainGroup = 3A909A1B2BDEE32C00D824A9;
			packageReferences = (
			);
			productRefGroup = 3A909A252BDEE32C00D824A9 /* Products */;
			projectDirPath = "";
			projectRoot = "";
			targets = (
				3A909A232BDEE32C00D824A9 /* BlockHub */,
				3A909A3C2BDEE32E00D824A9 /* BlockHubTests */,
				3A909A462BDEE32E00D824A9 /* BlockHubUITests */,
			);
		};
/* End PBXProject section */

/* Begin PBXResourcesBuildPhase section */
		3A909A222BDEE32C00D824A9 /* Resources */ = {
			isa = PBXResourcesBuildPhase;
			buildActionMask = 2147483647;
			files = (
				3A9D402D2C0D08D100931380 /* TableViewCell.xib in Resources */,
				3A7B79742C1277CA0064E325 /* Localizable.strings in Resources */,
				3A9D40342C0D217B00931380 /* CoursesTableViewCell.xib in Resources */,
				3A909A372BDEE32D00D824A9 /* Base in Resources */,
				3A27B3192C0E937100E6B297 /* ChaptersTableCell.xib in Resources */,
				3A9D40382C0D294000931380 /* Assets.xcassets in Resources */,
				3AFF039A2C10F7A6004A3B70 /* CompletingTableViewCell.xib in Resources */,
				3A1A7D172BDF03A4008D5160 /* Notes in Resources */,
				3AFF03AA2C110DFC004A3B70 /* testPDF.pdf in Resources */,
				3A7B79632C120C670064E325 /* ListTableViewCell.xib in Resources */,
				3A83F2192C0FD36200F2C03E /* NewsTableViewCell.xib in Resources */,
				3A909A2F2BDEE32C00D824A9 /* Base in Resources */,
			);
			runOnlyForDeploymentPostprocessing = 0;
		};
		3A909A3B2BDEE32E00D824A9 /* Resources */ = {
			isa = PBXResourcesBuildPhase;
			buildActionMask = 2147483647;
			files = (
			);
			runOnlyForDeploymentPostprocessing = 0;
		};
		3A909A452BDEE32E00D824A9 /* Resources */ = {
			isa = PBXResourcesBuildPhase;
			buildActionMask = 2147483647;
			files = (
			);
			runOnlyForDeploymentPostprocessing = 0;
		};
/* End PBXResourcesBuildPhase section */

/* Begin PBXShellScriptBuildPhase section */
		237CD1AA3F2DDD6CB7966909 /* [CP] Check Pods Manifest.lock */ = {
			isa = PBXShellScriptBuildPhase;
			buildActionMask = 2147483647;
			files = (
			);
			inputFileListPaths = (
			);
			inputPaths = (
				"${PODS_PODFILE_DIR_PATH}/Podfile.lock",
				"${PODS_ROOT}/Manifest.lock",
			);
			name = "[CP] Check Pods Manifest.lock";
			outputFileListPaths = (
			);
			outputPaths = (
				"$(DERIVED_FILE_DIR)/Pods-BlockHub-BlockHubUITests-checkManifestLockResult.txt",
			);
			runOnlyForDeploymentPostprocessing = 0;
			shellPath = /bin/sh;
			shellScript = "diff \"${PODS_PODFILE_DIR_PATH}/Podfile.lock\" \"${PODS_ROOT}/Manifest.lock\" > /dev/null\nif [ $? != 0 ] ; then\n    # print error to STDERR\n    echo \"error: The sandbox is not in sync with the Podfile.lock. Run 'pod install' or update your CocoaPods installation.\" >&2\n    exit 1\nfi\n# This output is used by Xcode 'outputs' to avoid re-running this script phase.\necho \"SUCCESS\" > \"${SCRIPT_OUTPUT_FILE_0}\"\n";
			showEnvVarsInLog = 0;
		};
		D00431CFAD784876E2E7E6FE /* [CP] Embed Pods Frameworks */ = {
			isa = PBXShellScriptBuildPhase;
			buildActionMask = 2147483647;
			files = (
			);
			inputFileListPaths = (
				"${PODS_ROOT}/Target Support Files/Pods-BlockHub/Pods-BlockHub-frameworks-${CONFIGURATION}-input-files.xcfilelist",
			);
			name = "[CP] Embed Pods Frameworks";
			outputFileListPaths = (
				"${PODS_ROOT}/Target Support Files/Pods-BlockHub/Pods-BlockHub-frameworks-${CONFIGURATION}-output-files.xcfilelist",
			);
			runOnlyForDeploymentPostprocessing = 0;
			shellPath = /bin/sh;
			shellScript = "\"${PODS_ROOT}/Target Support Files/Pods-BlockHub/Pods-BlockHub-frameworks.sh\"\n";
			showEnvVarsInLog = 0;
		};
		D61BD4C119AE6780E2D4F2CD /* [CP] Embed Pods Frameworks */ = {
			isa = PBXShellScriptBuildPhase;
			buildActionMask = 2147483647;
			files = (
			);
			inputFileListPaths = (
				"${PODS_ROOT}/Target Support Files/Pods-BlockHub-BlockHubUITests/Pods-BlockHub-BlockHubUITests-frameworks-${CONFIGURATION}-input-files.xcfilelist",
			);
			name = "[CP] Embed Pods Frameworks";
			outputFileListPaths = (
				"${PODS_ROOT}/Target Support Files/Pods-BlockHub-BlockHubUITests/Pods-BlockHub-BlockHubUITests-frameworks-${CONFIGURATION}-output-files.xcfilelist",
			);
			runOnlyForDeploymentPostprocessing = 0;
			shellPath = /bin/sh;
			shellScript = "\"${PODS_ROOT}/Target Support Files/Pods-BlockHub-BlockHubUITests/Pods-BlockHub-BlockHubUITests-frameworks.sh\"\n";
			showEnvVarsInLog = 0;
		};
		EB4285F770DAF112E941097C /* [CP] Check Pods Manifest.lock */ = {
			isa = PBXShellScriptBuildPhase;
			buildActionMask = 2147483647;
			files = (
			);
			inputFileListPaths = (
			);
			inputPaths = (
				"${PODS_PODFILE_DIR_PATH}/Podfile.lock",
				"${PODS_ROOT}/Manifest.lock",
			);
			name = "[CP] Check Pods Manifest.lock";
			outputFileListPaths = (
			);
			outputPaths = (
				"$(DERIVED_FILE_DIR)/Pods-BlockHub-checkManifestLockResult.txt",
			);
			runOnlyForDeploymentPostprocessing = 0;
			shellPath = /bin/sh;
			shellScript = "diff \"${PODS_PODFILE_DIR_PATH}/Podfile.lock\" \"${PODS_ROOT}/Manifest.lock\" > /dev/null\nif [ $? != 0 ] ; then\n    # print error to STDERR\n    echo \"error: The sandbox is not in sync with the Podfile.lock. Run 'pod install' or update your CocoaPods installation.\" >&2\n    exit 1\nfi\n# This output is used by Xcode 'outputs' to avoid re-running this script phase.\necho \"SUCCESS\" > \"${SCRIPT_OUTPUT_FILE_0}\"\n";
			showEnvVarsInLog = 0;
		};
		F805825FCC9125A338E61059 /* [CP] Check Pods Manifest.lock */ = {
			isa = PBXShellScriptBuildPhase;
			buildActionMask = 2147483647;
			files = (
			);
			inputFileListPaths = (
			);
			inputPaths = (
				"${PODS_PODFILE_DIR_PATH}/Podfile.lock",
				"${PODS_ROOT}/Manifest.lock",
			);
			name = "[CP] Check Pods Manifest.lock";
			outputFileListPaths = (
			);
			outputPaths = (
				"$(DERIVED_FILE_DIR)/Pods-BlockHubTests-checkManifestLockResult.txt",
			);
			runOnlyForDeploymentPostprocessing = 0;
			shellPath = /bin/sh;
			shellScript = "diff \"${PODS_PODFILE_DIR_PATH}/Podfile.lock\" \"${PODS_ROOT}/Manifest.lock\" > /dev/null\nif [ $? != 0 ] ; then\n    # print error to STDERR\n    echo \"error: The sandbox is not in sync with the Podfile.lock. Run 'pod install' or update your CocoaPods installation.\" >&2\n    exit 1\nfi\n# This output is used by Xcode 'outputs' to avoid re-running this script phase.\necho \"SUCCESS\" > \"${SCRIPT_OUTPUT_FILE_0}\"\n";
			showEnvVarsInLog = 0;
		};
/* End PBXShellScriptBuildPhase section */

/* Begin PBXSourcesBuildPhase section */
		3A909A202BDEE32C00D824A9 /* Sources */ = {
			isa = PBXSourcesBuildPhase;
			buildActionMask = 2147483647;
			files = (
				3AFF03A52C110953004A3B70 /* LearningProcessVC.swift in Sources */,
				3A83F2142C0FD1FE00F2C03E /* SelectedNewsVC.swift in Sources */,
				3A1A7D222BDF0B99008D5160 /* LogInView.swift in Sources */,
				3AFF038D2C10EBB1004A3B70 /* CalendarViewController.swift in Sources */,
				3AFF03B52C113979004A3B70 /* QuizModel.swift in Sources */,
				3A7B796B2C125EDC0064E325 /* TestVCViewController.swift in Sources */,
				3A9D40362C0D27C700931380 /* ListOfCourses.swift in Sources */,
				3ACF63542C137DBD00CA24F2 /* AuthService.swift in Sources */,
				3A885DEC2BF3DECC00BB5BF3 /* MainMenuRouter.swift in Sources */,
				3A1A7D242BDF0E95008D5160 /* LogInPresentor.swift in Sources */,
				3A77CB6C2C0A02B700BFEACC /* NewsView.swift in Sources */,
				3A7B79652C120E6A0064E325 /* achieveModel.swift in Sources */,
				3ADDE03C2C0FD8D10007FE0A /* NewsModel.swift in Sources */,
				3A9D402C2C0D08D100931380 /* TableViewCell.swift in Sources */,
				3A27B31F2C0E989700E6B297 /* GradienLlabel.swift in Sources */,
				3A27B3002C0E897000E6B297 /* DelegateProtocol.swift in Sources */,
				3A27B3182C0E937100E6B297 /* ChaptersTableCell.swift in Sources */,
				3AFF03B32C11341A004A3B70 /* QuizVC.swift in Sources */,
				3A27B3092C0E926500E6B297 /* ListOfChaptersView.swift in Sources */,
				3A27B31C2C0E96C800E6B297 /* ModelChapter.swift in Sources */,
				3A885DF02BF3DEF500BB5BF3 /* MainMenuInteractor.swift in Sources */,
				3A83F20B2C0FD01300F2C03E /* ListAchievsVC.swift in Sources */,
				3A1A7D2A2BDF1228008D5160 /* LogInEntity.swift in Sources */,
				3A885DEE2BF3DEE200BB5BF3 /* MainMenuEntity.swift in Sources */,
				3A1A7D262BDF0F84008D5160 /* LogInInteractor.swift in Sources */,
				3A909A282BDEE32C00D824A9 /* AppDelegate.swift in Sources */,
				3A83F2182C0FD36200F2C03E /* NewsTableViewCell.swift in Sources */,
				3ACF634E2C13285E00CA24F2 /* notificationModel.swift in Sources */,
				3A77CB722C0A034E00BFEACC /* ProfileView.swift in Sources */,
				3A885DF22BF3DF0200BB5BF3 /* MainMenuPresenter.swift in Sources */,
				3A885DF62BF3E01300BB5BF3 /* MainMenuView.swift in Sources */,
				3A77CB6E2C0A02CB00BFEACC /* CoursesView.swift in Sources */,
				3A7B79692C124A8A0064E325 /* CalendarHelper.swift in Sources */,
				3ACF63572C137E9800CA24F2 /* AuthInterceptorHeader.swift in Sources */,
				3A9D402F2C0D0C5300931380 /* ModelCourse.swift in Sources */,
				3A9D40332C0D217B00931380 /* CoursesTableViewCell.swift in Sources */,
				3ACF635B2C13921800CA24F2 /* CourceService.swift in Sources */,
				3A27B2FE2C0E782200E6B297 /* AboutCourseView.swift in Sources */,
				3A7B79622C120C670064E325 /* ListTableViewCell.swift in Sources */,
				3ACF63512C137D9500CA24F2 /* TokenStorageServiceUserDeafult.swift in Sources */,
				3ACF635E2C139CAE00CA24F2 /* NewsService.swift in Sources */,
				3A909A2A2BDEE32C00D824A9 /* SceneDelegate.swift in Sources */,
				3AFF039B2C10F7A6004A3B70 /* CompletingTableViewCell.swift in Sources */,
				3A7B79672C124A610064E325 /* CalendarCell.swift in Sources */,
				3AFF039D2C10FBA2004A3B70 /* CompletingModel.swift in Sources */,
				3A1A7D282BDF1145008D5160 /* LogInRouter.swift in Sources */,
				3A7B796F2C1262FD0064E325 /* DateUserDefault.swift in Sources */,
				3A909A322BDEE32C00D824A9 /* BlockHub.xcdatamodeld in Sources */,
				3A27B3042C0E8D0A00E6B297 /* EntutyMyCourse.swift in Sources */,
				3A77CB792C0A142900BFEACC /* SignUpView.swift in Sources */,
				3A77CB702C0A032900BFEACC /* MyCourseView.swift in Sources */,
				3A7B797A2C127A660064E325 /* String+extension.swift in Sources */,
				3AFF03962C10F6FE004A3B70 /* CompletingViewController.swift in Sources */,
			);
			runOnlyForDeploymentPostprocessing = 0;
		};
		3A909A392BDEE32E00D824A9 /* Sources */ = {
			isa = PBXSourcesBuildPhase;
			buildActionMask = 2147483647;
			files = (
				3A909A422BDEE32E00D824A9 /* BlockHubTests.swift in Sources */,
			);
			runOnlyForDeploymentPostprocessing = 0;
		};
		3A909A432BDEE32E00D824A9 /* Sources */ = {
			isa = PBXSourcesBuildPhase;
			buildActionMask = 2147483647;
			files = (
				3A909A4E2BDEE32E00D824A9 /* BlockHubUITestsLaunchTests.swift in Sources */,
				3A909A4C2BDEE32E00D824A9 /* BlockHubUITests.swift in Sources */,
			);
			runOnlyForDeploymentPostprocessing = 0;
		};
/* End PBXSourcesBuildPhase section */

/* Begin PBXTargetDependency section */
		3A909A3F2BDEE32E00D824A9 /* PBXTargetDependency */ = {
			isa = PBXTargetDependency;
			target = 3A909A232BDEE32C00D824A9 /* BlockHub */;
			targetProxy = 3A909A3E2BDEE32E00D824A9 /* PBXContainerItemProxy */;
		};
		3A909A492BDEE32E00D824A9 /* PBXTargetDependency */ = {
			isa = PBXTargetDependency;
			target = 3A909A232BDEE32C00D824A9 /* BlockHub */;
			targetProxy = 3A909A482BDEE32E00D824A9 /* PBXContainerItemProxy */;
		};
/* End PBXTargetDependency section */

/* Begin PBXVariantGroup section */
		3A7B79722C1277CA0064E325 /* Localizable.strings */ = {
			isa = PBXVariantGroup;
			children = (
				3A7B79732C1277CA0064E325 /* en */,
				3A7B79772C1278090064E325 /* kk-KZ */,
				3A7B79782C1278140064E325 /* ru */,
			);
			name = Localizable.strings;
			sourceTree = "<group>";
		};
		3A909A2D2BDEE32C00D824A9 /* Main.storyboard */ = {
			isa = PBXVariantGroup;
			children = (
				3A909A2E2BDEE32C00D824A9 /* Base */,
				3A7B79702C12779E0064E325 /* ru */,
				3A7B79752C1278090064E325 /* kk-KZ */,
				3A7B797C2C127DB90064E325 /* en */,
			);
			name = Main.storyboard;
			sourceTree = "<group>";
		};
		3A909A352BDEE32D00D824A9 /* LaunchScreen.storyboard */ = {
			isa = PBXVariantGroup;
			children = (
				3A909A362BDEE32D00D824A9 /* Base */,
				3A7B79712C12779E0064E325 /* ru */,
				3A7B79762C1278090064E325 /* kk-KZ */,
			);
			name = LaunchScreen.storyboard;
			sourceTree = "<group>";
		};
/* End PBXVariantGroup section */

/* Begin XCBuildConfiguration section */
		3A909A4F2BDEE32E00D824A9 /* Debug */ = {
			isa = XCBuildConfiguration;
			buildSettings = {
				ALWAYS_SEARCH_USER_PATHS = NO;
				ASSETCATALOG_COMPILER_GENERATE_SWIFT_ASSET_SYMBOL_EXTENSIONS = YES;
				CLANG_ANALYZER_LOCALIZABILITY_NONLOCALIZED = YES;
				CLANG_ANALYZER_NONNULL = YES;
				CLANG_ANALYZER_NUMBER_OBJECT_CONVERSION = YES_AGGRESSIVE;
				CLANG_CXX_LANGUAGE_STANDARD = "gnu++20";
				CLANG_ENABLE_MODULES = YES;
				CLANG_ENABLE_OBJC_ARC = YES;
				CLANG_ENABLE_OBJC_WEAK = YES;
				CLANG_WARN_BLOCK_CAPTURE_AUTORELEASING = YES;
				CLANG_WARN_BOOL_CONVERSION = YES;
				CLANG_WARN_COMMA = YES;
				CLANG_WARN_CONSTANT_CONVERSION = YES;
				CLANG_WARN_DEPRECATED_OBJC_IMPLEMENTATIONS = YES;
				CLANG_WARN_DIRECT_OBJC_ISA_USAGE = YES_ERROR;
				CLANG_WARN_DOCUMENTATION_COMMENTS = YES;
				CLANG_WARN_EMPTY_BODY = YES;
				CLANG_WARN_ENUM_CONVERSION = YES;
				CLANG_WARN_INFINITE_RECURSION = YES;
				CLANG_WARN_INT_CONVERSION = YES;
				CLANG_WARN_NON_LITERAL_NULL_CONVERSION = YES;
				CLANG_WARN_OBJC_IMPLICIT_RETAIN_SELF = YES;
				CLANG_WARN_OBJC_LITERAL_CONVERSION = YES;
				CLANG_WARN_OBJC_ROOT_CLASS = YES_ERROR;
				CLANG_WARN_QUOTED_INCLUDE_IN_FRAMEWORK_HEADER = YES;
				CLANG_WARN_RANGE_LOOP_ANALYSIS = YES;
				CLANG_WARN_STRICT_PROTOTYPES = YES;
				CLANG_WARN_SUSPICIOUS_MOVE = YES;
				CLANG_WARN_UNGUARDED_AVAILABILITY = YES_AGGRESSIVE;
				CLANG_WARN_UNREACHABLE_CODE = YES;
				CLANG_WARN__DUPLICATE_METHOD_MATCH = YES;
				COPY_PHASE_STRIP = NO;
				DEBUG_INFORMATION_FORMAT = dwarf;
				ENABLE_STRICT_OBJC_MSGSEND = YES;
				ENABLE_TESTABILITY = YES;
				ENABLE_USER_SCRIPT_SANDBOXING = NO;
				GCC_C_LANGUAGE_STANDARD = gnu17;
				GCC_DYNAMIC_NO_PIC = NO;
				GCC_NO_COMMON_BLOCKS = YES;
				GCC_OPTIMIZATION_LEVEL = 0;
				GCC_PREPROCESSOR_DEFINITIONS = (
					"DEBUG=1",
					"$(inherited)",
				);
				GCC_WARN_64_TO_32_BIT_CONVERSION = YES;
				GCC_WARN_ABOUT_RETURN_TYPE = YES_ERROR;
				GCC_WARN_UNDECLARED_SELECTOR = YES;
				GCC_WARN_UNINITIALIZED_AUTOS = YES_AGGRESSIVE;
				GCC_WARN_UNUSED_FUNCTION = YES;
				GCC_WARN_UNUSED_VARIABLE = YES;
				IPHONEOS_DEPLOYMENT_TARGET = 16.0;
				LOCALIZATION_PREFERS_STRING_CATALOGS = YES;
				MTL_ENABLE_DEBUG_INFO = INCLUDE_SOURCE;
				MTL_FAST_MATH = YES;
				ONLY_ACTIVE_ARCH = YES;
				SDKROOT = iphoneos;
				SWIFT_ACTIVE_COMPILATION_CONDITIONS = "DEBUG $(inherited)";
				SWIFT_OPTIMIZATION_LEVEL = "-Onone";
			};
			name = Debug;
		};
		3A909A502BDEE32E00D824A9 /* Release */ = {
			isa = XCBuildConfiguration;
			buildSettings = {
				ALWAYS_SEARCH_USER_PATHS = NO;
				ASSETCATALOG_COMPILER_GENERATE_SWIFT_ASSET_SYMBOL_EXTENSIONS = YES;
				CLANG_ANALYZER_LOCALIZABILITY_NONLOCALIZED = YES;
				CLANG_ANALYZER_NONNULL = YES;
				CLANG_ANALYZER_NUMBER_OBJECT_CONVERSION = YES_AGGRESSIVE;
				CLANG_CXX_LANGUAGE_STANDARD = "gnu++20";
				CLANG_ENABLE_MODULES = YES;
				CLANG_ENABLE_OBJC_ARC = YES;
				CLANG_ENABLE_OBJC_WEAK = YES;
				CLANG_WARN_BLOCK_CAPTURE_AUTORELEASING = YES;
				CLANG_WARN_BOOL_CONVERSION = YES;
				CLANG_WARN_COMMA = YES;
				CLANG_WARN_CONSTANT_CONVERSION = YES;
				CLANG_WARN_DEPRECATED_OBJC_IMPLEMENTATIONS = YES;
				CLANG_WARN_DIRECT_OBJC_ISA_USAGE = YES_ERROR;
				CLANG_WARN_DOCUMENTATION_COMMENTS = YES;
				CLANG_WARN_EMPTY_BODY = YES;
				CLANG_WARN_ENUM_CONVERSION = YES;
				CLANG_WARN_INFINITE_RECURSION = YES;
				CLANG_WARN_INT_CONVERSION = YES;
				CLANG_WARN_NON_LITERAL_NULL_CONVERSION = YES;
				CLANG_WARN_OBJC_IMPLICIT_RETAIN_SELF = YES;
				CLANG_WARN_OBJC_LITERAL_CONVERSION = YES;
				CLANG_WARN_OBJC_ROOT_CLASS = YES_ERROR;
				CLANG_WARN_QUOTED_INCLUDE_IN_FRAMEWORK_HEADER = YES;
				CLANG_WARN_RANGE_LOOP_ANALYSIS = YES;
				CLANG_WARN_STRICT_PROTOTYPES = YES;
				CLANG_WARN_SUSPICIOUS_MOVE = YES;
				CLANG_WARN_UNGUARDED_AVAILABILITY = YES_AGGRESSIVE;
				CLANG_WARN_UNREACHABLE_CODE = YES;
				CLANG_WARN__DUPLICATE_METHOD_MATCH = YES;
				COPY_PHASE_STRIP = NO;
				DEBUG_INFORMATION_FORMAT = "dwarf-with-dsym";
				ENABLE_NS_ASSERTIONS = NO;
				ENABLE_STRICT_OBJC_MSGSEND = YES;
				ENABLE_USER_SCRIPT_SANDBOXING = NO;
				GCC_C_LANGUAGE_STANDARD = gnu17;
				GCC_NO_COMMON_BLOCKS = YES;
				GCC_WARN_64_TO_32_BIT_CONVERSION = YES;
				GCC_WARN_ABOUT_RETURN_TYPE = YES_ERROR;
				GCC_WARN_UNDECLARED_SELECTOR = YES;
				GCC_WARN_UNINITIALIZED_AUTOS = YES_AGGRESSIVE;
				GCC_WARN_UNUSED_FUNCTION = YES;
				GCC_WARN_UNUSED_VARIABLE = YES;
				IPHONEOS_DEPLOYMENT_TARGET = 16.0;
				LOCALIZATION_PREFERS_STRING_CATALOGS = YES;
				MTL_ENABLE_DEBUG_INFO = NO;
				MTL_FAST_MATH = YES;
				SDKROOT = iphoneos;
				SWIFT_COMPILATION_MODE = wholemodule;
				VALIDATE_PRODUCT = YES;
			};
			name = Release;
		};
		3A909A522BDEE32E00D824A9 /* Debug */ = {
			isa = XCBuildConfiguration;
			baseConfigurationReference = 849D87E9B5A1EE59EE437E1C /* Pods-BlockHub.debug.xcconfig */;
			buildSettings = {
				ASSETCATALOG_COMPILER_APPICON_NAME = AppIcon;
				ASSETCATALOG_COMPILER_GLOBAL_ACCENT_COLOR_NAME = AccentColor;
				CODE_SIGN_STYLE = Automatic;
				CURRENT_PROJECT_VERSION = 1;
				DEVELOPMENT_TEAM = 7GU9696XBV;
				GENERATE_INFOPLIST_FILE = YES;
				INFOPLIST_FILE = BlockHub/Info.plist;
				INFOPLIST_KEY_LSApplicationCategoryType = "public.app-category.education";
				INFOPLIST_KEY_UIApplicationSupportsIndirectInputEvents = YES;
				INFOPLIST_KEY_UILaunchStoryboardName = LaunchScreen;
				INFOPLIST_KEY_UIMainStoryboardFile = Main;
				INFOPLIST_KEY_UISupportedInterfaceOrientations_iPad = "UIInterfaceOrientationPortrait UIInterfaceOrientationPortraitUpsideDown UIInterfaceOrientationLandscapeLeft UIInterfaceOrientationLandscapeRight";
				INFOPLIST_KEY_UISupportedInterfaceOrientations_iPhone = "UIInterfaceOrientationPortrait UIInterfaceOrientationLandscapeLeft UIInterfaceOrientationLandscapeRight";
				IPHONEOS_DEPLOYMENT_TARGET = 16.6;
				LD_RUNPATH_SEARCH_PATHS = (
					"$(inherited)",
					"@executable_path/Frameworks",
				);
				MARKETING_VERSION = 1.0;
				PRODUCT_BUNDLE_IDENTIFIER = RomaAlim.BlockHub;
				PRODUCT_NAME = "$(TARGET_NAME)";
				SWIFT_EMIT_LOC_STRINGS = YES;
				SWIFT_VERSION = 5.0;
				TARGETED_DEVICE_FAMILY = "1,2";
			};
			name = Debug;
		};
		3A909A532BDEE32E00D824A9 /* Release */ = {
			isa = XCBuildConfiguration;
			baseConfigurationReference = 7E553FA0C017E91FD8E7E28D /* Pods-BlockHub.release.xcconfig */;
			buildSettings = {
				ASSETCATALOG_COMPILER_APPICON_NAME = AppIcon;
				ASSETCATALOG_COMPILER_GLOBAL_ACCENT_COLOR_NAME = AccentColor;
				CODE_SIGN_STYLE = Automatic;
				CURRENT_PROJECT_VERSION = 1;
				DEVELOPMENT_TEAM = 7GU9696XBV;
				GENERATE_INFOPLIST_FILE = YES;
				INFOPLIST_FILE = BlockHub/Info.plist;
				INFOPLIST_KEY_LSApplicationCategoryType = "public.app-category.education";
				INFOPLIST_KEY_UIApplicationSupportsIndirectInputEvents = YES;
				INFOPLIST_KEY_UILaunchStoryboardName = LaunchScreen;
				INFOPLIST_KEY_UIMainStoryboardFile = Main;
				INFOPLIST_KEY_UISupportedInterfaceOrientations_iPad = "UIInterfaceOrientationPortrait UIInterfaceOrientationPortraitUpsideDown UIInterfaceOrientationLandscapeLeft UIInterfaceOrientationLandscapeRight";
				INFOPLIST_KEY_UISupportedInterfaceOrientations_iPhone = "UIInterfaceOrientationPortrait UIInterfaceOrientationLandscapeLeft UIInterfaceOrientationLandscapeRight";
				IPHONEOS_DEPLOYMENT_TARGET = 16.6;
				LD_RUNPATH_SEARCH_PATHS = (
					"$(inherited)",
					"@executable_path/Frameworks",
				);
				MARKETING_VERSION = 1.0;
				PRODUCT_BUNDLE_IDENTIFIER = RomaAlim.BlockHub;
				PRODUCT_NAME = "$(TARGET_NAME)";
				SWIFT_EMIT_LOC_STRINGS = YES;
				SWIFT_VERSION = 5.0;
				TARGETED_DEVICE_FAMILY = "1,2";
			};
			name = Release;
		};
		3A909A552BDEE32E00D824A9 /* Debug */ = {
			isa = XCBuildConfiguration;
			baseConfigurationReference = FED8929FBFB2D65D21B36341 /* Pods-BlockHubTests.debug.xcconfig */;
			buildSettings = {
				ALWAYS_EMBED_SWIFT_STANDARD_LIBRARIES = YES;
				BUNDLE_LOADER = "$(TEST_HOST)";
				CODE_SIGN_STYLE = Automatic;
				CURRENT_PROJECT_VERSION = 1;
				DEVELOPMENT_TEAM = 7GU9696XBV;
				GENERATE_INFOPLIST_FILE = YES;
				IPHONEOS_DEPLOYMENT_TARGET = 17.4;
				MARKETING_VERSION = 1.0;
				PRODUCT_BUNDLE_IDENTIFIER = RomaAlim.BlockHubTests;
				PRODUCT_NAME = "$(TARGET_NAME)";
				SWIFT_EMIT_LOC_STRINGS = NO;
				SWIFT_VERSION = 5.0;
				TARGETED_DEVICE_FAMILY = "1,2";
				TEST_HOST = "$(BUILT_PRODUCTS_DIR)/BlockHub.app/$(BUNDLE_EXECUTABLE_FOLDER_PATH)/BlockHub";
			};
			name = Debug;
		};
		3A909A562BDEE32E00D824A9 /* Release */ = {
			isa = XCBuildConfiguration;
			baseConfigurationReference = FE1CDBBBE0B81CBE4A56A149 /* Pods-BlockHubTests.release.xcconfig */;
			buildSettings = {
				ALWAYS_EMBED_SWIFT_STANDARD_LIBRARIES = YES;
				BUNDLE_LOADER = "$(TEST_HOST)";
				CODE_SIGN_STYLE = Automatic;
				CURRENT_PROJECT_VERSION = 1;
				DEVELOPMENT_TEAM = 7GU9696XBV;
				GENERATE_INFOPLIST_FILE = YES;
				IPHONEOS_DEPLOYMENT_TARGET = 17.4;
				MARKETING_VERSION = 1.0;
				PRODUCT_BUNDLE_IDENTIFIER = RomaAlim.BlockHubTests;
				PRODUCT_NAME = "$(TARGET_NAME)";
				SWIFT_EMIT_LOC_STRINGS = NO;
				SWIFT_VERSION = 5.0;
				TARGETED_DEVICE_FAMILY = "1,2";
				TEST_HOST = "$(BUILT_PRODUCTS_DIR)/BlockHub.app/$(BUNDLE_EXECUTABLE_FOLDER_PATH)/BlockHub";
			};
			name = Release;
		};
		3A909A582BDEE32E00D824A9 /* Debug */ = {
			isa = XCBuildConfiguration;
			baseConfigurationReference = 515AE46831AA25D8BB57E378 /* Pods-BlockHub-BlockHubUITests.debug.xcconfig */;
			buildSettings = {
				ALWAYS_EMBED_SWIFT_STANDARD_LIBRARIES = YES;
				CODE_SIGN_STYLE = Automatic;
				CURRENT_PROJECT_VERSION = 1;
				DEVELOPMENT_TEAM = 7GU9696XBV;
				GENERATE_INFOPLIST_FILE = YES;
				MARKETING_VERSION = 1.0;
				PRODUCT_BUNDLE_IDENTIFIER = RomaAlim.BlockHubUITests;
				PRODUCT_NAME = "$(TARGET_NAME)";
				SWIFT_EMIT_LOC_STRINGS = NO;
				SWIFT_VERSION = 5.0;
				TARGETED_DEVICE_FAMILY = "1,2";
				TEST_TARGET_NAME = BlockHub;
			};
			name = Debug;
		};
		3A909A592BDEE32E00D824A9 /* Release */ = {
			isa = XCBuildConfiguration;
			baseConfigurationReference = 5EEF6B2DC3C8365512938CCA /* Pods-BlockHub-BlockHubUITests.release.xcconfig */;
			buildSettings = {
				ALWAYS_EMBED_SWIFT_STANDARD_LIBRARIES = YES;
				CODE_SIGN_STYLE = Automatic;
				CURRENT_PROJECT_VERSION = 1;
				DEVELOPMENT_TEAM = 7GU9696XBV;
				GENERATE_INFOPLIST_FILE = YES;
				MARKETING_VERSION = 1.0;
				PRODUCT_BUNDLE_IDENTIFIER = RomaAlim.BlockHubUITests;
				PRODUCT_NAME = "$(TARGET_NAME)";
				SWIFT_EMIT_LOC_STRINGS = NO;
				SWIFT_VERSION = 5.0;
				TARGETED_DEVICE_FAMILY = "1,2";
				TEST_TARGET_NAME = BlockHub;
			};
			name = Release;
		};
/* End XCBuildConfiguration section */

/* Begin XCConfigurationList section */
		3A909A1F2BDEE32C00D824A9 /* Build configuration list for PBXProject "BlockHub" */ = {
			isa = XCConfigurationList;
			buildConfigurations = (
				3A909A4F2BDEE32E00D824A9 /* Debug */,
				3A909A502BDEE32E00D824A9 /* Release */,
			);
			defaultConfigurationIsVisible = 0;
			defaultConfigurationName = Release;
		};
		3A909A512BDEE32E00D824A9 /* Build configuration list for PBXNativeTarget "BlockHub" */ = {
			isa = XCConfigurationList;
			buildConfigurations = (
				3A909A522BDEE32E00D824A9 /* Debug */,
				3A909A532BDEE32E00D824A9 /* Release */,
			);
			defaultConfigurationIsVisible = 0;
			defaultConfigurationName = Release;
		};
		3A909A542BDEE32E00D824A9 /* Build configuration list for PBXNativeTarget "BlockHubTests" */ = {
			isa = XCConfigurationList;
			buildConfigurations = (
				3A909A552BDEE32E00D824A9 /* Debug */,
				3A909A562BDEE32E00D824A9 /* Release */,
			);
			defaultConfigurationIsVisible = 0;
			defaultConfigurationName = Release;
		};
		3A909A572BDEE32E00D824A9 /* Build configuration list for PBXNativeTarget "BlockHubUITests" */ = {
			isa = XCConfigurationList;
			buildConfigurations = (
				3A909A582BDEE32E00D824A9 /* Debug */,
				3A909A592BDEE32E00D824A9 /* Release */,
			);
			defaultConfigurationIsVisible = 0;
			defaultConfigurationName = Release;
		};
/* End XCConfigurationList section */

/* Begin XCVersionGroup section */
		3A909A302BDEE32C00D824A9 /* BlockHub.xcdatamodeld */ = {
			isa = XCVersionGroup;
			children = (
				3A909A312BDEE32C00D824A9 /* BlockHub.xcdatamodel */,
			);
			currentVersion = 3A909A312BDEE32C00D824A9 /* BlockHub.xcdatamodel */;
			path = BlockHub.xcdatamodeld;
			sourceTree = "<group>";
			versionGroupType = wrapper.xcdatamodel;
		};
/* End XCVersionGroup section */
	};
	rootObject = 3A909A1C2BDEE32C00D824A9 /* Project object */;
}
